// !$*UTF8*$!
{
	archiveVersion = 1;
	classes = {
	};
	objectVersion = 73;
	objects = {

/* Begin PBXAggregateTarget section */
		02849C3219BA00350013408B /* BatchUniversal */ = {
			isa = PBXAggregateTarget;
			buildConfigurationList = 02849C3319BA00350013408B /* Build configuration list for PBXAggregateTarget "BatchUniversal" */;
			buildPhases = (
				02849C3619BA00480013408B /* ShellScript */,
			);
			dependencies = (
			);
			name = BatchUniversal;
			productName = universal;
		};
		516BBC0A22BD0D2900742649 /* BatchXCFramework */ = {
			isa = PBXAggregateTarget;
			buildConfigurationList = 516BBC0D22BD0D2900742649 /* Build configuration list for PBXAggregateTarget "BatchXCFramework" */;
			buildPhases = (
				516BBC0B22BD0D2900742649 /* ShellScript */,
			);
			dependencies = (
			);
			name = BatchXCFramework;
			productName = universal;
		};
/* End PBXAggregateTarget section */

/* Begin PBXBuildFile section */
		5015DB552DCA2AD900DD62DC /* SampleShared in Frameworks */ = {isa = PBXBuildFile; productRef = 5015DB542DCA2AD900DD62DC /* SampleShared */; };
		511B91FE22CE32A3002BC4A8 /* Batch.framework in Frameworks */ = {isa = PBXBuildFile; fileRef = 517D701822BBC34A00E374FB /* Batch.framework */; };
		516D712A260924E500CF7F5B /* NSInvocation+OCMAdditions.h in Sources */ = {isa = PBXBuildFile; fileRef = 5154641025121BC20008E201 /* NSInvocation+OCMAdditions.h */; };
		516D712B260924E500CF7F5B /* NSInvocation+OCMAdditions.m in Sources */ = {isa = PBXBuildFile; fileRef = 5154644025121BC40008E201 /* NSInvocation+OCMAdditions.m */; };
		516D712C260924E500CF7F5B /* NSMethodSignature+OCMAdditions.h in Sources */ = {isa = PBXBuildFile; fileRef = 5154643E25121BC40008E201 /* NSMethodSignature+OCMAdditions.h */; };
		516D712D260924E500CF7F5B /* NSMethodSignature+OCMAdditions.m in Sources */ = {isa = PBXBuildFile; fileRef = 5154642425121BC30008E201 /* NSMethodSignature+OCMAdditions.m */; };
		516D712E260924E500CF7F5B /* NSNotificationCenter+OCMAdditions.h in Sources */ = {isa = PBXBuildFile; fileRef = 5154641B25121BC20008E201 /* NSNotificationCenter+OCMAdditions.h */; };
		516D712F260924E500CF7F5B /* NSNotificationCenter+OCMAdditions.m in Sources */ = {isa = PBXBuildFile; fileRef = 515463FE25121BC10008E201 /* NSNotificationCenter+OCMAdditions.m */; };
		516D7130260924E500CF7F5B /* NSObject+OCMAdditions.h in Sources */ = {isa = PBXBuildFile; fileRef = 5154644325121BC40008E201 /* NSObject+OCMAdditions.h */; };
		516D7131260924E500CF7F5B /* NSObject+OCMAdditions.m in Sources */ = {isa = PBXBuildFile; fileRef = 5154641D25121BC20008E201 /* NSObject+OCMAdditions.m */; };
		516D7132260924E500CF7F5B /* NSValue+OCMAdditions.h in Sources */ = {isa = PBXBuildFile; fileRef = 5154640A25121BC10008E201 /* NSValue+OCMAdditions.h */; };
		516D7133260924E500CF7F5B /* NSValue+OCMAdditions.m in Sources */ = {isa = PBXBuildFile; fileRef = 5154643125121BC30008E201 /* NSValue+OCMAdditions.m */; };
		516D7134260924E500CF7F5B /* OCClassMockObject.h in Sources */ = {isa = PBXBuildFile; fileRef = 5154640E25121BC10008E201 /* OCClassMockObject.h */; };
		516D7135260924E500CF7F5B /* OCClassMockObject.m in Sources */ = {isa = PBXBuildFile; fileRef = 5154642E25121BC30008E201 /* OCClassMockObject.m */; };
		516D7136260924E500CF7F5B /* OCMArg.h in Sources */ = {isa = PBXBuildFile; fileRef = 5154642725121BC30008E201 /* OCMArg.h */; };
		516D7137260924E500CF7F5B /* OCMArg.m in Sources */ = {isa = PBXBuildFile; fileRef = 5154640025121BC10008E201 /* OCMArg.m */; };
		516D7138260924E500CF7F5B /* OCMArgAction.h in Sources */ = {isa = PBXBuildFile; fileRef = 5154640925121BC10008E201 /* OCMArgAction.h */; };
		516D7139260924E500CF7F5B /* OCMArgAction.m in Sources */ = {isa = PBXBuildFile; fileRef = 5154641125121BC20008E201 /* OCMArgAction.m */; };
		516D713A260924E500CF7F5B /* OCMBlockArgCaller.h in Sources */ = {isa = PBXBuildFile; fileRef = 5154643525121BC40008E201 /* OCMBlockArgCaller.h */; };
		516D713B260924E500CF7F5B /* OCMBlockArgCaller.m in Sources */ = {isa = PBXBuildFile; fileRef = 5154641225121BC20008E201 /* OCMBlockArgCaller.m */; };
		516D713C260924E500CF7F5B /* OCMBlockCaller.h in Sources */ = {isa = PBXBuildFile; fileRef = 5154640425121BC10008E201 /* OCMBlockCaller.h */; };
		516D713D260924E500CF7F5B /* OCMBlockCaller.m in Sources */ = {isa = PBXBuildFile; fileRef = 5154642625121BC30008E201 /* OCMBlockCaller.m */; };
		516D713E260924E500CF7F5B /* OCMBoxedReturnValueProvider.h in Sources */ = {isa = PBXBuildFile; fileRef = 5154641C25121BC20008E201 /* OCMBoxedReturnValueProvider.h */; };
		516D713F260924E500CF7F5B /* OCMBoxedReturnValueProvider.m in Sources */ = {isa = PBXBuildFile; fileRef = 5154641525121BC20008E201 /* OCMBoxedReturnValueProvider.m */; };
		516D7140260924E500CF7F5B /* OCMConstraint.h in Sources */ = {isa = PBXBuildFile; fileRef = 5154640F25121BC20008E201 /* OCMConstraint.h */; };
		516D7141260924E500CF7F5B /* OCMConstraint.m in Sources */ = {isa = PBXBuildFile; fileRef = 5154640625121BC10008E201 /* OCMConstraint.m */; };
		516D7142260924E500CF7F5B /* OCMExceptionReturnValueProvider.h in Sources */ = {isa = PBXBuildFile; fileRef = 5154643C25121BC40008E201 /* OCMExceptionReturnValueProvider.h */; };
		516D7143260924E500CF7F5B /* OCMExceptionReturnValueProvider.m in Sources */ = {isa = PBXBuildFile; fileRef = 5154642B25121BC30008E201 /* OCMExceptionReturnValueProvider.m */; };
		516D7144260924E500CF7F5B /* OCMExpectationRecorder.h in Sources */ = {isa = PBXBuildFile; fileRef = 5154641725121BC20008E201 /* OCMExpectationRecorder.h */; };
		516D7145260924E500CF7F5B /* OCMExpectationRecorder.m in Sources */ = {isa = PBXBuildFile; fileRef = 5154643725121BC40008E201 /* OCMExpectationRecorder.m */; };
		516D7146260924E500CF7F5B /* OCMFunctions.h in Sources */ = {isa = PBXBuildFile; fileRef = 5154642925121BC30008E201 /* OCMFunctions.h */; };
		516D7147260924E500CF7F5B /* OCMFunctions.m in Sources */ = {isa = PBXBuildFile; fileRef = 5154642125121BC20008E201 /* OCMFunctions.m */; };
		516D7148260924E500CF7F5B /* OCMFunctionsPrivate.h in Sources */ = {isa = PBXBuildFile; fileRef = 5154641825121BC20008E201 /* OCMFunctionsPrivate.h */; };
		516D7149260924E500CF7F5B /* OCMIndirectReturnValueProvider.h in Sources */ = {isa = PBXBuildFile; fileRef = 515463FA25121BC00008E201 /* OCMIndirectReturnValueProvider.h */; };
		516D714A260924E500CF7F5B /* OCMIndirectReturnValueProvider.m in Sources */ = {isa = PBXBuildFile; fileRef = 5154642325121BC30008E201 /* OCMIndirectReturnValueProvider.m */; };
		516D714B260924E500CF7F5B /* OCMInvocationExpectation.h in Sources */ = {isa = PBXBuildFile; fileRef = 5154642A25121BC30008E201 /* OCMInvocationExpectation.h */; };
		516D714C260924E500CF7F5B /* OCMInvocationExpectation.m in Sources */ = {isa = PBXBuildFile; fileRef = 515463FB25121BC10008E201 /* OCMInvocationExpectation.m */; };
		516D714D260924E500CF7F5B /* OCMInvocationMatcher.h in Sources */ = {isa = PBXBuildFile; fileRef = 5154643A25121BC40008E201 /* OCMInvocationMatcher.h */; };
		516D714E260924E500CF7F5B /* OCMInvocationMatcher.m in Sources */ = {isa = PBXBuildFile; fileRef = 5154643625121BC40008E201 /* OCMInvocationMatcher.m */; };
		516D714F260924E500CF7F5B /* OCMInvocationStub.h in Sources */ = {isa = PBXBuildFile; fileRef = 5154643B25121BC40008E201 /* OCMInvocationStub.h */; };
		516D7150260924E500CF7F5B /* OCMInvocationStub.m in Sources */ = {isa = PBXBuildFile; fileRef = 5154640825121BC10008E201 /* OCMInvocationStub.m */; };
		516D7151260924E500CF7F5B /* OCMLocation.h in Sources */ = {isa = PBXBuildFile; fileRef = 5154640725121BC10008E201 /* OCMLocation.h */; };
		516D7152260924E500CF7F5B /* OCMLocation.m in Sources */ = {isa = PBXBuildFile; fileRef = 5154640125121BC10008E201 /* OCMLocation.m */; };
		516D7153260924E500CF7F5B /* OCMMacroState.h in Sources */ = {isa = PBXBuildFile; fileRef = 515463FC25121BC10008E201 /* OCMMacroState.h */; };
		516D7154260924E500CF7F5B /* OCMMacroState.m in Sources */ = {isa = PBXBuildFile; fileRef = 5154642525121BC30008E201 /* OCMMacroState.m */; };
		516D7155260924E500CF7F5B /* OCMNonRetainingObjectReturnValueProvider.h in Sources */ = {isa = PBXBuildFile; fileRef = 5154641E25121BC20008E201 /* OCMNonRetainingObjectReturnValueProvider.h */; };
		516D7156260924E500CF7F5B /* OCMNonRetainingObjectReturnValueProvider.m in Sources */ = {isa = PBXBuildFile; fileRef = 5154640C25121BC10008E201 /* OCMNonRetainingObjectReturnValueProvider.m */; };
		516D7157260924E500CF7F5B /* OCMNotificationPoster.h in Sources */ = {isa = PBXBuildFile; fileRef = 5154641A25121BC20008E201 /* OCMNotificationPoster.h */; };
		516D7158260924E500CF7F5B /* OCMNotificationPoster.m in Sources */ = {isa = PBXBuildFile; fileRef = 5154641625121BC20008E201 /* OCMNotificationPoster.m */; };
		516D7159260924E500CF7F5B /* OCMObjectReturnValueProvider.h in Sources */ = {isa = PBXBuildFile; fileRef = 5154643825121BC40008E201 /* OCMObjectReturnValueProvider.h */; };
		516D715A260924E500CF7F5B /* OCMObjectReturnValueProvider.m in Sources */ = {isa = PBXBuildFile; fileRef = 5154644425121BC40008E201 /* OCMObjectReturnValueProvider.m */; };
		516D715B260924E500CF7F5B /* OCMObserverRecorder.h in Sources */ = {isa = PBXBuildFile; fileRef = 5154643225121BC30008E201 /* OCMObserverRecorder.h */; };
		516D715C260924E500CF7F5B /* OCMObserverRecorder.m in Sources */ = {isa = PBXBuildFile; fileRef = 5154643325121BC30008E201 /* OCMObserverRecorder.m */; };
		516D715D260924E500CF7F5B /* OCMock-Info.plist in Sources */ = {isa = PBXBuildFile; fileRef = 5154643F25121BC40008E201 /* OCMock-Info.plist */; };
		516D715E260924E500CF7F5B /* OCMock-Prefix.pch in Sources */ = {isa = PBXBuildFile; fileRef = 5154643925121BC40008E201 /* OCMock-Prefix.pch */; };
		516D715F260924E500CF7F5B /* OCMockMacros.h in Sources */ = {isa = PBXBuildFile; fileRef = 5154641F25121BC20008E201 /* OCMockMacros.h */; };
		516D7160260924E500CF7F5B /* OCMockObject.h in Sources */ = {isa = PBXBuildFile; fileRef = 5154642225121BC20008E201 /* OCMockObject.h */; };
		516D7161260924E500CF7F5B /* OCMockObject.m in Sources */ = {isa = PBXBuildFile; fileRef = 515463FF25121BC10008E201 /* OCMockObject.m */; };
		516D7162260924E500CF7F5B /* OCMPassByRefSetter.h in Sources */ = {isa = PBXBuildFile; fileRef = 5154642F25121BC30008E201 /* OCMPassByRefSetter.h */; };
		516D7163260924E500CF7F5B /* OCMPassByRefSetter.m in Sources */ = {isa = PBXBuildFile; fileRef = 5154642025121BC20008E201 /* OCMPassByRefSetter.m */; };
		516D7164260924E500CF7F5B /* OCMQuantifier.h in Sources */ = {isa = PBXBuildFile; fileRef = 5154641325121BC20008E201 /* OCMQuantifier.h */; };
		516D7165260924E500CF7F5B /* OCMQuantifier.m in Sources */ = {isa = PBXBuildFile; fileRef = 5154640525121BC10008E201 /* OCMQuantifier.m */; };
		516D7166260924E500CF7F5B /* OCMRealObjectForwarder.h in Sources */ = {isa = PBXBuildFile; fileRef = 515463FD25121BC10008E201 /* OCMRealObjectForwarder.h */; };
		516D7167260924E500CF7F5B /* OCMRealObjectForwarder.m in Sources */ = {isa = PBXBuildFile; fileRef = 5154644225121BC40008E201 /* OCMRealObjectForwarder.m */; };
		516D7168260924E500CF7F5B /* OCMRecorder.h in Sources */ = {isa = PBXBuildFile; fileRef = 5154642825121BC30008E201 /* OCMRecorder.h */; };
		516D7169260924E500CF7F5B /* OCMRecorder.m in Sources */ = {isa = PBXBuildFile; fileRef = 5154642C25121BC30008E201 /* OCMRecorder.m */; };
		516D716A260924E500CF7F5B /* OCMStubRecorder.h in Sources */ = {isa = PBXBuildFile; fileRef = 5154643D25121BC40008E201 /* OCMStubRecorder.h */; };
		516D716B260924E500CF7F5B /* OCMStubRecorder.m in Sources */ = {isa = PBXBuildFile; fileRef = 5154641925121BC20008E201 /* OCMStubRecorder.m */; };
		516D716C260924E500CF7F5B /* OCMVerifier.h in Sources */ = {isa = PBXBuildFile; fileRef = 5154640325121BC10008E201 /* OCMVerifier.h */; };
		516D716D260924E500CF7F5B /* OCMVerifier.m in Sources */ = {isa = PBXBuildFile; fileRef = 5154643025121BC30008E201 /* OCMVerifier.m */; };
		516D716E260924E500CF7F5B /* OCObserverMockObject.h in Sources */ = {isa = PBXBuildFile; fileRef = 5154642D25121BC30008E201 /* OCObserverMockObject.h */; };
		516D716F260924E500CF7F5B /* OCObserverMockObject.m in Sources */ = {isa = PBXBuildFile; fileRef = 5154641425121BC20008E201 /* OCObserverMockObject.m */; };
		516D7170260924E500CF7F5B /* OCPartialMockObject.h in Sources */ = {isa = PBXBuildFile; fileRef = 5154643425121BC30008E201 /* OCPartialMockObject.h */; };
		516D7171260924E500CF7F5B /* OCPartialMockObject.m in Sources */ = {isa = PBXBuildFile; fileRef = 5154640D25121BC10008E201 /* OCPartialMockObject.m */; };
		516D7172260924E500CF7F5B /* OCProtocolMockObject.h in Sources */ = {isa = PBXBuildFile; fileRef = 5154640B25121BC10008E201 /* OCProtocolMockObject.h */; };
		516D7173260924E500CF7F5B /* OCProtocolMockObject.m in Sources */ = {isa = PBXBuildFile; fileRef = 5154644125121BC40008E201 /* OCProtocolMockObject.m */; };
		516D7174260924E500CF7F5B /* OCMock.h in Sources */ = {isa = PBXBuildFile; fileRef = 515463E925121B960008E201 /* OCMock.h */; };
		516D717A260924F000CF7F5B /* libOCMock-Batch.a in Frameworks */ = {isa = PBXBuildFile; fileRef = 516D7117260924CC00CF7F5B /* libOCMock-Batch.a */; };
		517BAFD324D1B4E500BB0384 /* InstantMock in Frameworks */ = {isa = PBXBuildFile; productRef = 5100717B24A267FC0068D126 /* InstantMock */; };
/* End PBXBuildFile section */

/* Begin PBXCopyFilesBuildPhase section */
		516D7115260924CC00CF7F5B /* CopyFiles */ = {
			isa = PBXCopyFilesBuildPhase;
			buildActionMask = 2147483647;
			dstPath = "include/$(PRODUCT_NAME)";
			dstSubfolderSpec = 16;
			files = (
			);
			runOnlyForDeploymentPostprocessing = 0;
		};
		51BD192720208B8500C2524D /* Copy Files (3 items) */ = {
			isa = PBXCopyFilesBuildPhase;
			buildActionMask = 2147483647;
			dstPath = "";
			dstSubfolderSpec = 10;
			files = (
			);
			name = "Copy Files (3 items)";
			runOnlyForDeploymentPostprocessing = 0;
		};
/* End PBXCopyFilesBuildPhase section */

/* Begin PBXFileReference section */
		02F7846B19B9EF5A0006FF07 /* BatchTests.xctest */ = {isa = PBXFileReference; explicitFileType = wrapper.cfbundle; includeInIndex = 0; path = BatchTests.xctest; sourceTree = BUILT_PRODUCTS_DIR; };
		511B91FF22CE3365002BC4A8 /* sdk.xctestplan */ = {isa = PBXFileReference; lastKnownFileType = text; path = sdk.xctestplan; sourceTree = SOURCE_ROOT; };
		514FCA7325121DDF00CAF31A /* OCMock.modulemap */ = {isa = PBXFileReference; lastKnownFileType = "sourcecode.module-map"; path = OCMock.modulemap; sourceTree = "<group>"; };
		514FCA7425121DED00CAF31A /* README.md */ = {isa = PBXFileReference; lastKnownFileType = net.daringfireball.markdown; path = README.md; sourceTree = "<group>"; };
		515463E925121B960008E201 /* OCMock.h */ = {isa = PBXFileReference; lastKnownFileType = sourcecode.c.h; path = OCMock.h; sourceTree = "<group>"; };
		515463EA25121B960008E201 /* Info.plist */ = {isa = PBXFileReference; lastKnownFileType = text.plist.xml; path = Info.plist; sourceTree = "<group>"; };
		515463F425121BB70008E201 /* License.txt */ = {isa = PBXFileReference; fileEncoding = 4; lastKnownFileType = text; path = License.txt; sourceTree = "<group>"; };
		515463FA25121BC00008E201 /* OCMIndirectReturnValueProvider.h */ = {isa = PBXFileReference; fileEncoding = 4; lastKnownFileType = sourcecode.c.h; path = OCMIndirectReturnValueProvider.h; sourceTree = "<group>"; };
		515463FB25121BC10008E201 /* OCMInvocationExpectation.m */ = {isa = PBXFileReference; fileEncoding = 4; lastKnownFileType = sourcecode.c.objc; path = OCMInvocationExpectation.m; sourceTree = "<group>"; };
		515463FC25121BC10008E201 /* OCMMacroState.h */ = {isa = PBXFileReference; fileEncoding = 4; lastKnownFileType = sourcecode.c.h; path = OCMMacroState.h; sourceTree = "<group>"; };
		515463FD25121BC10008E201 /* OCMRealObjectForwarder.h */ = {isa = PBXFileReference; fileEncoding = 4; lastKnownFileType = sourcecode.c.h; path = OCMRealObjectForwarder.h; sourceTree = "<group>"; };
		515463FE25121BC10008E201 /* NSNotificationCenter+OCMAdditions.m */ = {isa = PBXFileReference; fileEncoding = 4; lastKnownFileType = sourcecode.c.objc; path = "NSNotificationCenter+OCMAdditions.m"; sourceTree = "<group>"; };
		515463FF25121BC10008E201 /* OCMockObject.m */ = {isa = PBXFileReference; fileEncoding = 4; lastKnownFileType = sourcecode.c.objc; path = OCMockObject.m; sourceTree = "<group>"; };
		5154640025121BC10008E201 /* OCMArg.m */ = {isa = PBXFileReference; fileEncoding = 4; lastKnownFileType = sourcecode.c.objc; path = OCMArg.m; sourceTree = "<group>"; };
		5154640125121BC10008E201 /* OCMLocation.m */ = {isa = PBXFileReference; fileEncoding = 4; lastKnownFileType = sourcecode.c.objc; path = OCMLocation.m; sourceTree = "<group>"; };
		5154640325121BC10008E201 /* OCMVerifier.h */ = {isa = PBXFileReference; fileEncoding = 4; lastKnownFileType = sourcecode.c.h; path = OCMVerifier.h; sourceTree = "<group>"; };
		5154640425121BC10008E201 /* OCMBlockCaller.h */ = {isa = PBXFileReference; fileEncoding = 4; lastKnownFileType = sourcecode.c.h; path = OCMBlockCaller.h; sourceTree = "<group>"; };
		5154640525121BC10008E201 /* OCMQuantifier.m */ = {isa = PBXFileReference; fileEncoding = 4; lastKnownFileType = sourcecode.c.objc; path = OCMQuantifier.m; sourceTree = "<group>"; };
		5154640625121BC10008E201 /* OCMConstraint.m */ = {isa = PBXFileReference; fileEncoding = 4; lastKnownFileType = sourcecode.c.objc; path = OCMConstraint.m; sourceTree = "<group>"; };
		5154640725121BC10008E201 /* OCMLocation.h */ = {isa = PBXFileReference; fileEncoding = 4; lastKnownFileType = sourcecode.c.h; path = OCMLocation.h; sourceTree = "<group>"; };
		5154640825121BC10008E201 /* OCMInvocationStub.m */ = {isa = PBXFileReference; fileEncoding = 4; lastKnownFileType = sourcecode.c.objc; path = OCMInvocationStub.m; sourceTree = "<group>"; };
		5154640925121BC10008E201 /* OCMArgAction.h */ = {isa = PBXFileReference; fileEncoding = 4; lastKnownFileType = sourcecode.c.h; path = OCMArgAction.h; sourceTree = "<group>"; };
		5154640A25121BC10008E201 /* NSValue+OCMAdditions.h */ = {isa = PBXFileReference; fileEncoding = 4; lastKnownFileType = sourcecode.c.h; path = "NSValue+OCMAdditions.h"; sourceTree = "<group>"; };
		5154640B25121BC10008E201 /* OCProtocolMockObject.h */ = {isa = PBXFileReference; fileEncoding = 4; lastKnownFileType = sourcecode.c.h; path = OCProtocolMockObject.h; sourceTree = "<group>"; };
		5154640C25121BC10008E201 /* OCMNonRetainingObjectReturnValueProvider.m */ = {isa = PBXFileReference; fileEncoding = 4; lastKnownFileType = sourcecode.c.objc; path = OCMNonRetainingObjectReturnValueProvider.m; sourceTree = "<group>"; };
		5154640D25121BC10008E201 /* OCPartialMockObject.m */ = {isa = PBXFileReference; fileEncoding = 4; lastKnownFileType = sourcecode.c.objc; path = OCPartialMockObject.m; sourceTree = "<group>"; };
		5154640E25121BC10008E201 /* OCClassMockObject.h */ = {isa = PBXFileReference; fileEncoding = 4; lastKnownFileType = sourcecode.c.h; path = OCClassMockObject.h; sourceTree = "<group>"; };
		5154640F25121BC20008E201 /* OCMConstraint.h */ = {isa = PBXFileReference; fileEncoding = 4; lastKnownFileType = sourcecode.c.h; path = OCMConstraint.h; sourceTree = "<group>"; };
		5154641025121BC20008E201 /* NSInvocation+OCMAdditions.h */ = {isa = PBXFileReference; fileEncoding = 4; lastKnownFileType = sourcecode.c.h; path = "NSInvocation+OCMAdditions.h"; sourceTree = "<group>"; };
		5154641125121BC20008E201 /* OCMArgAction.m */ = {isa = PBXFileReference; fileEncoding = 4; lastKnownFileType = sourcecode.c.objc; path = OCMArgAction.m; sourceTree = "<group>"; };
		5154641225121BC20008E201 /* OCMBlockArgCaller.m */ = {isa = PBXFileReference; fileEncoding = 4; lastKnownFileType = sourcecode.c.objc; path = OCMBlockArgCaller.m; sourceTree = "<group>"; };
		5154641325121BC20008E201 /* OCMQuantifier.h */ = {isa = PBXFileReference; fileEncoding = 4; lastKnownFileType = sourcecode.c.h; path = OCMQuantifier.h; sourceTree = "<group>"; };
		5154641425121BC20008E201 /* OCObserverMockObject.m */ = {isa = PBXFileReference; fileEncoding = 4; lastKnownFileType = sourcecode.c.objc; path = OCObserverMockObject.m; sourceTree = "<group>"; };
		5154641525121BC20008E201 /* OCMBoxedReturnValueProvider.m */ = {isa = PBXFileReference; fileEncoding = 4; lastKnownFileType = sourcecode.c.objc; path = OCMBoxedReturnValueProvider.m; sourceTree = "<group>"; };
		5154641625121BC20008E201 /* OCMNotificationPoster.m */ = {isa = PBXFileReference; fileEncoding = 4; lastKnownFileType = sourcecode.c.objc; path = OCMNotificationPoster.m; sourceTree = "<group>"; };
		5154641725121BC20008E201 /* OCMExpectationRecorder.h */ = {isa = PBXFileReference; fileEncoding = 4; lastKnownFileType = sourcecode.c.h; path = OCMExpectationRecorder.h; sourceTree = "<group>"; };
		5154641825121BC20008E201 /* OCMFunctionsPrivate.h */ = {isa = PBXFileReference; fileEncoding = 4; lastKnownFileType = sourcecode.c.h; path = OCMFunctionsPrivate.h; sourceTree = "<group>"; };
		5154641925121BC20008E201 /* OCMStubRecorder.m */ = {isa = PBXFileReference; fileEncoding = 4; lastKnownFileType = sourcecode.c.objc; path = OCMStubRecorder.m; sourceTree = "<group>"; };
		5154641A25121BC20008E201 /* OCMNotificationPoster.h */ = {isa = PBXFileReference; fileEncoding = 4; lastKnownFileType = sourcecode.c.h; path = OCMNotificationPoster.h; sourceTree = "<group>"; };
		5154641B25121BC20008E201 /* NSNotificationCenter+OCMAdditions.h */ = {isa = PBXFileReference; fileEncoding = 4; lastKnownFileType = sourcecode.c.h; path = "NSNotificationCenter+OCMAdditions.h"; sourceTree = "<group>"; };
		5154641C25121BC20008E201 /* OCMBoxedReturnValueProvider.h */ = {isa = PBXFileReference; fileEncoding = 4; lastKnownFileType = sourcecode.c.h; path = OCMBoxedReturnValueProvider.h; sourceTree = "<group>"; };
		5154641D25121BC20008E201 /* NSObject+OCMAdditions.m */ = {isa = PBXFileReference; fileEncoding = 4; lastKnownFileType = sourcecode.c.objc; path = "NSObject+OCMAdditions.m"; sourceTree = "<group>"; };
		5154641E25121BC20008E201 /* OCMNonRetainingObjectReturnValueProvider.h */ = {isa = PBXFileReference; fileEncoding = 4; lastKnownFileType = sourcecode.c.h; path = OCMNonRetainingObjectReturnValueProvider.h; sourceTree = "<group>"; };
		5154641F25121BC20008E201 /* OCMockMacros.h */ = {isa = PBXFileReference; fileEncoding = 4; lastKnownFileType = sourcecode.c.h; path = OCMockMacros.h; sourceTree = "<group>"; };
		5154642025121BC20008E201 /* OCMPassByRefSetter.m */ = {isa = PBXFileReference; fileEncoding = 4; lastKnownFileType = sourcecode.c.objc; path = OCMPassByRefSetter.m; sourceTree = "<group>"; };
		5154642125121BC20008E201 /* OCMFunctions.m */ = {isa = PBXFileReference; fileEncoding = 4; lastKnownFileType = sourcecode.c.objc; path = OCMFunctions.m; sourceTree = "<group>"; };
		5154642225121BC20008E201 /* OCMockObject.h */ = {isa = PBXFileReference; fileEncoding = 4; lastKnownFileType = sourcecode.c.h; path = OCMockObject.h; sourceTree = "<group>"; };
		5154642325121BC30008E201 /* OCMIndirectReturnValueProvider.m */ = {isa = PBXFileReference; fileEncoding = 4; lastKnownFileType = sourcecode.c.objc; path = OCMIndirectReturnValueProvider.m; sourceTree = "<group>"; };
		5154642425121BC30008E201 /* NSMethodSignature+OCMAdditions.m */ = {isa = PBXFileReference; fileEncoding = 4; lastKnownFileType = sourcecode.c.objc; path = "NSMethodSignature+OCMAdditions.m"; sourceTree = "<group>"; };
		5154642525121BC30008E201 /* OCMMacroState.m */ = {isa = PBXFileReference; fileEncoding = 4; lastKnownFileType = sourcecode.c.objc; path = OCMMacroState.m; sourceTree = "<group>"; };
		5154642625121BC30008E201 /* OCMBlockCaller.m */ = {isa = PBXFileReference; fileEncoding = 4; lastKnownFileType = sourcecode.c.objc; path = OCMBlockCaller.m; sourceTree = "<group>"; };
		5154642725121BC30008E201 /* OCMArg.h */ = {isa = PBXFileReference; fileEncoding = 4; lastKnownFileType = sourcecode.c.h; path = OCMArg.h; sourceTree = "<group>"; };
		5154642825121BC30008E201 /* OCMRecorder.h */ = {isa = PBXFileReference; fileEncoding = 4; lastKnownFileType = sourcecode.c.h; path = OCMRecorder.h; sourceTree = "<group>"; };
		5154642925121BC30008E201 /* OCMFunctions.h */ = {isa = PBXFileReference; fileEncoding = 4; lastKnownFileType = sourcecode.c.h; path = OCMFunctions.h; sourceTree = "<group>"; };
		5154642A25121BC30008E201 /* OCMInvocationExpectation.h */ = {isa = PBXFileReference; fileEncoding = 4; lastKnownFileType = sourcecode.c.h; path = OCMInvocationExpectation.h; sourceTree = "<group>"; };
		5154642B25121BC30008E201 /* OCMExceptionReturnValueProvider.m */ = {isa = PBXFileReference; fileEncoding = 4; lastKnownFileType = sourcecode.c.objc; path = OCMExceptionReturnValueProvider.m; sourceTree = "<group>"; };
		5154642C25121BC30008E201 /* OCMRecorder.m */ = {isa = PBXFileReference; fileEncoding = 4; lastKnownFileType = sourcecode.c.objc; path = OCMRecorder.m; sourceTree = "<group>"; };
		5154642D25121BC30008E201 /* OCObserverMockObject.h */ = {isa = PBXFileReference; fileEncoding = 4; lastKnownFileType = sourcecode.c.h; path = OCObserverMockObject.h; sourceTree = "<group>"; };
		5154642E25121BC30008E201 /* OCClassMockObject.m */ = {isa = PBXFileReference; fileEncoding = 4; lastKnownFileType = sourcecode.c.objc; path = OCClassMockObject.m; sourceTree = "<group>"; };
		5154642F25121BC30008E201 /* OCMPassByRefSetter.h */ = {isa = PBXFileReference; fileEncoding = 4; lastKnownFileType = sourcecode.c.h; path = OCMPassByRefSetter.h; sourceTree = "<group>"; };
		5154643025121BC30008E201 /* OCMVerifier.m */ = {isa = PBXFileReference; fileEncoding = 4; lastKnownFileType = sourcecode.c.objc; path = OCMVerifier.m; sourceTree = "<group>"; };
		5154643125121BC30008E201 /* NSValue+OCMAdditions.m */ = {isa = PBXFileReference; fileEncoding = 4; lastKnownFileType = sourcecode.c.objc; path = "NSValue+OCMAdditions.m"; sourceTree = "<group>"; };
		5154643225121BC30008E201 /* OCMObserverRecorder.h */ = {isa = PBXFileReference; fileEncoding = 4; lastKnownFileType = sourcecode.c.h; path = OCMObserverRecorder.h; sourceTree = "<group>"; };
		5154643325121BC30008E201 /* OCMObserverRecorder.m */ = {isa = PBXFileReference; fileEncoding = 4; lastKnownFileType = sourcecode.c.objc; path = OCMObserverRecorder.m; sourceTree = "<group>"; };
		5154643425121BC30008E201 /* OCPartialMockObject.h */ = {isa = PBXFileReference; fileEncoding = 4; lastKnownFileType = sourcecode.c.h; path = OCPartialMockObject.h; sourceTree = "<group>"; };
		5154643525121BC40008E201 /* OCMBlockArgCaller.h */ = {isa = PBXFileReference; fileEncoding = 4; lastKnownFileType = sourcecode.c.h; path = OCMBlockArgCaller.h; sourceTree = "<group>"; };
		5154643625121BC40008E201 /* OCMInvocationMatcher.m */ = {isa = PBXFileReference; fileEncoding = 4; lastKnownFileType = sourcecode.c.objc; path = OCMInvocationMatcher.m; sourceTree = "<group>"; };
		5154643725121BC40008E201 /* OCMExpectationRecorder.m */ = {isa = PBXFileReference; fileEncoding = 4; lastKnownFileType = sourcecode.c.objc; path = OCMExpectationRecorder.m; sourceTree = "<group>"; };
		5154643825121BC40008E201 /* OCMObjectReturnValueProvider.h */ = {isa = PBXFileReference; fileEncoding = 4; lastKnownFileType = sourcecode.c.h; path = OCMObjectReturnValueProvider.h; sourceTree = "<group>"; };
		5154643925121BC40008E201 /* OCMock-Prefix.pch */ = {isa = PBXFileReference; fileEncoding = 4; lastKnownFileType = sourcecode.c.h; path = "OCMock-Prefix.pch"; sourceTree = "<group>"; };
		5154643A25121BC40008E201 /* OCMInvocationMatcher.h */ = {isa = PBXFileReference; fileEncoding = 4; lastKnownFileType = sourcecode.c.h; path = OCMInvocationMatcher.h; sourceTree = "<group>"; };
		5154643B25121BC40008E201 /* OCMInvocationStub.h */ = {isa = PBXFileReference; fileEncoding = 4; lastKnownFileType = sourcecode.c.h; path = OCMInvocationStub.h; sourceTree = "<group>"; };
		5154643C25121BC40008E201 /* OCMExceptionReturnValueProvider.h */ = {isa = PBXFileReference; fileEncoding = 4; lastKnownFileType = sourcecode.c.h; path = OCMExceptionReturnValueProvider.h; sourceTree = "<group>"; };
		5154643D25121BC40008E201 /* OCMStubRecorder.h */ = {isa = PBXFileReference; fileEncoding = 4; lastKnownFileType = sourcecode.c.h; path = OCMStubRecorder.h; sourceTree = "<group>"; };
		5154643E25121BC40008E201 /* NSMethodSignature+OCMAdditions.h */ = {isa = PBXFileReference; fileEncoding = 4; lastKnownFileType = sourcecode.c.h; path = "NSMethodSignature+OCMAdditions.h"; sourceTree = "<group>"; };
		5154643F25121BC40008E201 /* OCMock-Info.plist */ = {isa = PBXFileReference; fileEncoding = 4; lastKnownFileType = text.plist.xml; path = "OCMock-Info.plist"; sourceTree = "<group>"; };
		5154644025121BC40008E201 /* NSInvocation+OCMAdditions.m */ = {isa = PBXFileReference; fileEncoding = 4; lastKnownFileType = sourcecode.c.objc; path = "NSInvocation+OCMAdditions.m"; sourceTree = "<group>"; };
		5154644125121BC40008E201 /* OCProtocolMockObject.m */ = {isa = PBXFileReference; fileEncoding = 4; lastKnownFileType = sourcecode.c.objc; path = OCProtocolMockObject.m; sourceTree = "<group>"; };
		5154644225121BC40008E201 /* OCMRealObjectForwarder.m */ = {isa = PBXFileReference; fileEncoding = 4; lastKnownFileType = sourcecode.c.objc; path = OCMRealObjectForwarder.m; sourceTree = "<group>"; };
		5154644325121BC40008E201 /* NSObject+OCMAdditions.h */ = {isa = PBXFileReference; fileEncoding = 4; lastKnownFileType = sourcecode.c.h; path = "NSObject+OCMAdditions.h"; sourceTree = "<group>"; };
		5154644425121BC40008E201 /* OCMObjectReturnValueProvider.m */ = {isa = PBXFileReference; fileEncoding = 4; lastKnownFileType = sourcecode.c.objc; path = OCMObjectReturnValueProvider.m; sourceTree = "<group>"; };
		516BBC0822BD0A0D00742649 /* UserNotifications.framework */ = {isa = PBXFileReference; lastKnownFileType = wrapper.framework; name = UserNotifications.framework; path = System/Library/Frameworks/UserNotifications.framework; sourceTree = SDKROOT; };
		516D7117260924CC00CF7F5B /* libOCMock-Batch.a */ = {isa = PBXFileReference; explicitFileType = archive.ar; includeInIndex = 0; path = "libOCMock-Batch.a"; sourceTree = BUILT_PRODUCTS_DIR; };
		517D701822BBC34A00E374FB /* Batch.framework */ = {isa = PBXFileReference; explicitFileType = wrapper.framework; includeInIndex = 0; path = Batch.framework; sourceTree = BUILT_PRODUCTS_DIR; };
		6229102324530CBE00B03563 /* BatchExtension.framework */ = {isa = PBXFileReference; explicitFileType = wrapper.framework; path = BatchExtension.framework; sourceTree = BUILT_PRODUCTS_DIR; };
/* End PBXFileReference section */

/* Begin PBXFileSystemSynchronizedBuildFileExceptionSet section */
		50F389A22DF2CCBE00709042 /* PBXFileSystemSynchronizedBuildFileExceptionSet */ = {
			isa = PBXFileSystemSynchronizedBuildFileExceptionSet;
			membershipExceptions = (
				Info.plist,
				"Kernel/Dependency Injection/README.md",
				"Supporting Files/batch-Prefix.pch",
				Webservices/README.md,
			);
			privateHeaders = (
				BAErrorHelper.h,
				BANotificationCenter.h,
				BASecureDate.h,
				BatchEventAttributesPrivate.h,
				BatchInboxPrivate.h,
				BatchMessagingPrivate.h,
				BatchUserAttributePrivate.h,
				Kernel/Concurrent/BAConcurrentQueue.h,
				Kernel/Concurrent/BAPromise.h,
				Kernel/Concurrent/BATaskDebouncer.h,
				Kernel/Crypto/BAAESB64Cryptor.h,
				Kernel/Crypto/BAEncryptionProtocol.h,
				Kernel/Crypto/BASHA.h,
				"Kernel/Dependency Injection/BAInjectable.h",
				"Kernel/Dependency Injection/BAInjection.h",
				"Kernel/Dependency Injection/BAOverlayedInjectable.h",
				"Kernel/Dependency Injection/Private/BAInjectableImplementations.h",
				"Kernel/Dependency Injection/Private/BAInjectionRegistrar.h",
				"Kernel/Dependency Injection/Private/BAInjectionRegistry.h",
				"Kernel/Dependency Injection/Private/BAOverlayedInjectable-Private.h",
				Kernel/Foundation/BADateProviderProtocol.h,
				Kernel/Foundation/BAMultiDelegatesProxy.h,
				Kernel/Foundation/BAMutableDateProvider.h,
				Kernel/Foundation/BASecureDateProvider.h,
				Kernel/Foundation/BASystemDateProvider.h,
				Kernel/Foundation/BATZAwareDate.h,
				Kernel/Foundation/BAUptimeProvider.h,
				Kernel/GZip/BATGZIP.h,
				Kernel/Helpers/BADateFormatting.h,
				Kernel/Helpers/BADelegatedApplicationDelegate.h,
				Kernel/Helpers/BADictionaryHelper.h,
				Kernel/Helpers/BADirectories.h,
				Kernel/Helpers/BAHTTPHeaders.h,
				Kernel/Helpers/BAJson.h,
				Kernel/Helpers/BANullHelper.h,
				Kernel/Helpers/BAOSHelper.h,
				Kernel/Helpers/BAPartialApplicationDelegate.h,
				Kernel/Helpers/BARandom.h,
				Kernel/Helpers/BAStringUtils.h,
				Kernel/Helpers/BAThreading.h,
				Kernel/Helpers/BATJsonDictionary.h,
				Kernel/Helpers/BAWindowHelper.h,
				Kernel/Logger/BALogger.h,
				Kernel/Logger/BALoggerProtocol.h,
				Kernel/Logger/BALoggerUnified.h,
				Kernel/Parameters/BAParameter.h,
				Kernel/Parameters/BAPropertiesCenter.h,
				Kernel/Parameters/BAUserDefaults.h,
				Kernel/Reachability/BAReachability.h,
				Kernel/Reachability/BAReachabilityHelper.h,
				Modules/Actions/BAActionsCenter.h,
				Modules/Actions/BAUserDataBuiltinActions.h,
				Modules/Actions/BAUserEventBuiltinActions.h,
				Modules/Core/BAApplicationLifecycle.h,
				Modules/Core/BABundleInfo.h,
				Modules/Core/BACenterMulticastDelegate.h,
				Modules/Core/BAConfiguration.h,
				Modules/Core/BACoreCenter.h,
				Modules/Core/BAInstallationID.h,
				Modules/Core/BANotificationAuthorization.h,
				Modules/Core/BASessionManager.h,
				Modules/Core/BAStatus.h,
				Modules/Core/BATUserActivity.h,
				Modules/Core/BAUserProfile.h,
				Modules/Debug/BADBGCustomDataModels.h,
				Modules/Debug/BADBGCustomDataViewController.h,
				Modules/Debug/BADBGDebugViewController.h,
				Modules/Debug/BADBGFindMyInstallationHelper.h,
				Modules/Debug/BADBGIdentifiersViewController.h,
				Modules/Debug/BADBGLCDetailsViewController.h,
				Modules/Debug/BADBGLCListViewController.h,
				Modules/Debug/BADBGLocalCampaignsViewController.h,
				Modules/Debug/BADBGModule.h,
				Modules/Debug/BADBGNameValueListItem.h,
				"Modules/Event Dispatcher/BAEventDispatcherCenter.h",
				"Modules/Event Dispatcher/BAMessageEventPayload.h",
				"Modules/Event Dispatcher/BAPushEventPayload.h",
				Modules/Inbox/BAInbox.h,
				Modules/Inbox/BAInboxDatasourceProtocol.h,
				Modules/Inbox/BAInboxDBHelperProtocol.h,
				Modules/Inbox/BAInboxFetchWebserviceClient.h,
				Modules/Inbox/BAInboxSQLiteDatasource.h,
				Modules/Inbox/BAInboxSQLiteHelper.h,
				Modules/Inbox/BAInboxSyncWebserviceClient.h,
				Modules/Inbox/BAInboxWebserviceClientType.h,
				Modules/Inbox/BAInboxWebserviceResponse.h,
				"Modules/Local Campaigns/BALocalCampaign.h",
				"Modules/Local Campaigns/BALocalCampaignsCenter.h",
				"Modules/Local Campaigns/BALocalCampaignsGlobalCappings.h",
				"Modules/Local Campaigns/BALocalCampaignsManager.h",
				"Modules/Local Campaigns/BALocalCampaignsParser.h",
				"Modules/Local Campaigns/Models/BALocalCampaignDayOfWeek.h",
				"Modules/Local Campaigns/Models/BALocalCampaignsVersion.h",
				"Modules/Local Campaigns/Outputs/BALocalCampaignLandingOutput.h",
				"Modules/Local Campaigns/Outputs/BALocalCampaignOutputProtocol.h",
				"Modules/Local Campaigns/Persistence/BALocalCampaignsFilePersistence.h",
				"Modules/Local Campaigns/Persistence/BALocalCampaignsPersisting.h",
				"Modules/Local Campaigns/QuietHours/BALocalCampaignQuietHours.h",
				"Modules/Local Campaigns/Signals/BAEventTrackedSignal.h",
				"Modules/Local Campaigns/Signals/BALocalCampaignSignalProtocol.h",
				"Modules/Local Campaigns/Signals/BANewSessionSignal.h",
				"Modules/Local Campaigns/Signals/BAPublicEventTrackedSignal.h",
				"Modules/Local Campaigns/Tracker/BALocalCampaignCountedEvent.h",
				"Modules/Local Campaigns/Tracker/BALocalCampaignsSQLTracker.h",
				"Modules/Local Campaigns/Tracker/BALocalCampaignsTracker.h",
				"Modules/Local Campaigns/Tracker/BALocalCampaignTrackerProtocol.h",
				"Modules/Local Campaigns/Triggers/BAEventTrigger.h",
				"Modules/Local Campaigns/Triggers/BALocalCampaignTriggerProtocol.h",
				"Modules/Local Campaigns/Triggers/BANextSessionTrigger.h",
				Modules/Messaging/BABatchInAppDelegateWrapper.h,
				Modules/Messaging/BABatchMessagingDelegateWrapper.h,
				Modules/Messaging/BADelegatedUIAlertController.h,
				Modules/Messaging/BAMessagingAnalyticsDeduplicatingDelegate.h,
				Modules/Messaging/BAMessagingAnalyticsDelegate.h,
				Modules/Messaging/BAMessagingCenter.h,
				Modules/Messaging/BAMSGAction.h,
				Modules/Messaging/BAMSGCTA.h,
				Modules/Messaging/BAMSGImageDownloader.h,
				Modules/Messaging/BAMSGMessage.h,
				Modules/Messaging/BAMSGOverlayWindow.h,
				Modules/Messaging/BAMSGPayloadParser.h,
				Modules/Messaging/BATHtmlParser.h,
				Modules/Messaging/BATMessagingCloseErrorCause.h,
				Modules/Messaging/CSS/BACSS.h,
				Modules/Messaging/CSS/BACSSBuiltinImportProvider.h,
				Modules/Messaging/CSS/BACSSImportProvider.h,
				Modules/Messaging/CSS/BACSSParser.h,
				Modules/Messaging/CSS/BACSSToken.h,
				Modules/Messaging/GIF/BATGIFAnimator.h,
				Modules/Messaging/GIF/BATGIFFile.h,
				Modules/Messaging/UI/BAMSGBannerViewController.h,
				Modules/Messaging/UI/BAMSGBaseBannerViewController.h,
				Modules/Messaging/UI/BAMSGImageViewController.h,
				Modules/Messaging/UI/BAMSGInterstitialViewController.h,
				Modules/Messaging/UI/BAMSGModalViewController.h,
				Modules/Messaging/UI/BAMSGStackView.h,
				Modules/Messaging/UI/BAMSGStackViewHorizontalItem.h,
				Modules/Messaging/UI/BAMSGStackViewItem.h,
				Modules/Messaging/UI/BAMSGVideoView.h,
				Modules/Messaging/UI/BAMSGViewController.h,
				Modules/Messaging/UI/BAMSGWebviewViewController.h,
				Modules/Messaging/UI/BAMSGWindowHolder.h,
				Modules/Messaging/Webview/BATWebviewBridgeLegacyWKHandler.h,
				Modules/Messaging/Webview/BATWebviewBridgeWKHandler.h,
				Modules/Messaging/Webview/BATWebviewJavascriptBridge.h,
				Modules/Messaging/Webview/BATWebviewUtils.h,
				Modules/Messaging/Widgets/BAMSGActivityIndicatorView.h,
				Modules/Messaging/Widgets/BAMSGBaseContainerView.h,
				Modules/Messaging/Widgets/BAMSGButton.h,
				Modules/Messaging/Widgets/BAMSGCloseButton.h,
				Modules/Messaging/Widgets/BAMSGCountdownView.h,
				Modules/Messaging/Widgets/BAMSGGradientView.h,
				Modules/Messaging/Widgets/BAMSGImageView.h,
				Modules/Messaging/Widgets/BAMSGLabel.h,
				Modules/Messaging/Widgets/BAMSGPannableAlertContainerView.h,
				Modules/Messaging/Widgets/BAMSGPannableAnchoredContainerView.h,
				Modules/Messaging/Widgets/BAMSGPannableContainerView.h,
				Modules/Messaging/Widgets/BAMSGPassthroughProtocol.h,
				Modules/Messaging/Widgets/BAMSGRemoteImageView.h,
				Modules/Messaging/Widgets/BAMSGStylableView.h,
				Modules/Messaging/Widgets/BAMSGViewToolbox.h,
				Modules/Metrics/BACounter.h,
				Modules/Metrics/BAMetric.h,
				Modules/Metrics/BAMetricManager.h,
				Modules/Metrics/BAMetricProtocol.h,
				Modules/Metrics/BAMetricRegistry.h,
				Modules/Metrics/BAMetricWebserviceClient.h,
				Modules/Metrics/BAObservation.h,
				"Modules/Opt Out/BAOptOut.h",
				"Modules/Opt Out/BAOptOutEventTracker.h",
				"Modules/Opt Out/BAOptOutWebserviceClient.h",
				Modules/Push/BAPushCenter.h,
				Modules/Push/BAPushPayload.h,
				Modules/Push/BAPushSystemHelper.h,
				Modules/Push/BAPushSystemHelperProtocol.h,
				Modules/Tracker/BAEvent.h,
				Modules/Tracker/BAEventDatasourceProtocol.h,
				Modules/Tracker/BAEventDBHelperProtocol.h,
				Modules/Tracker/BAEventSQLiteDatasource.h,
				Modules/Tracker/BAEventSQLiteHelper.h,
				Modules/Tracker/BATrackerCenter.h,
				Modules/Tracker/BATrackerScheduler.h,
				Modules/Tracker/BATrackerSender.h,
				Modules/Tracker/BATrackerSignpostHelper.h,
				Modules/User/BAInstallDataEditor.h,
				Modules/User/BAUserAttribute.h,
				Modules/User/BAUserCenter.h,
				Modules/User/BAUserDataDiff.h,
				Modules/User/BAUserDataEnums.h,
				Modules/User/BAUserDataManager.h,
				Modules/User/BAUserDataOperation.h,
				Modules/User/BAUserDatasourceProtocol.h,
				Modules/User/BAUserSQLiteDatasource.h,
				PrivateUmbrellaHeader.h,
				"Supporting Files/Defined.h",
				Webservices/BAGETWebserviceClient.h,
				Webservices/BAResponseHelper.h,
				Webservices/BAWebserviceURLBuilder.h,
				Webservices/Core/BAConnection.h,
				Webservices/Core/BAConnectionContentType.h,
				Webservices/Core/BAConnectionDelegate.h,
				Webservices/Core/BAURLSession.h,
				Webservices/Core/BAURLSessionProtocol.h,
				Webservices/Core/BAWebserviceClient.h,
				Webservices/Core/BAWebserviceClientExecutor.h,
				Webservices/Core/BAWebserviceJsonClient.h,
				Webservices/Crypto/BAWebserviceAESGCMCryptor.h,
				Webservices/Crypto/BAWebserviceAESGCMGzipCryptor.h,
				Webservices/Crypto/BAWebserviceCryptor.h,
				Webservices/Crypto/BAWebserviceCryptorFactory.h,
				Webservices/Crypto/BAWebserviceStubCryptor.h,
				Webservices/Crypto/HMAC/BATWebserviceHMAC.h,
				"Webservices/JSON Services implementations/BALocalCampaignsJITService.h",
				"Webservices/Query Services Implementations/BAEventTrackerService.h",
				"Webservices/Query Services Implementations/BALocalCampaignsService.h",
				"Webservices/Query Services Implementations/BAPushTokenService.h",
				"Webservices/Query Services Implementations/BAStartService.h",
				"Webservices/Query Services Implementations/BAUserDataServices.h",
				"Webservices/Query Services Implementations/Query Models/BAWSQuery.h",
				"Webservices/Query Services Implementations/Query Models/BAWSQueryAttributes.h",
				"Webservices/Query Services Implementations/Query Models/BAWSQueryAttributesCheck.h",
				"Webservices/Query Services Implementations/Query Models/BAWSQueryLocalCampaigns.h",
				"Webservices/Query Services Implementations/Query Models/BAWSQueryPushToken.h",
				"Webservices/Query Services Implementations/Query Models/BAWSQueryStart.h",
				"Webservices/Query Services Implementations/Query Models/BAWSQueryTracking.h",
				"Webservices/Query Services Implementations/Response Models/BAWSResponse.h",
				"Webservices/Query Services Implementations/Response Models/BAWSResponseAttributes.h",
				"Webservices/Query Services Implementations/Response Models/BAWSResponseAttributesCheck.h",
				"Webservices/Query Services Implementations/Response Models/BAWSResponseLocalCampaigns.h",
				"Webservices/Query Services Implementations/Response Models/BAWSResponsePushToken.h",
				"Webservices/Query Services Implementations/Response Models/BAWSResponseStart.h",
				"Webservices/Query Services Implementations/Response Models/BAWSResponseTracking.h",
				Webservices/Query/BAQueryWebserviceClient.h,
				Webservices/Query/BAQueryWebserviceClientDatasource.h,
				Webservices/Query/BAQueryWebserviceClientDelegate.h,
				Webservices/Query/BAQueryWebserviceIdentifiersProviding.h,
				Webservices/Query/BAStandardQueryWebserviceIdentifiersProvider.h,
			);
			publicHeaders = (
				Batch.h,
				BatchActions.h,
				BatchCore.h,
				BatchDataCollectionConfig.h,
				BatchEventAttributes.h,
				BatchEventDispatcher.h,
				BatchInbox.h,
				BatchLogger.h,
				BatchMessaging.h,
				BatchMessagingCloseReason.h,
				BatchMessagingModels.h,
				BatchProfile.h,
				BatchProfileEditor.h,
				BatchPush.h,
				BatchUser.h,
				BatchUserAttribute.h,
			);
			target = 517D701722BBC34A00E374FB /* Batch */;
		};
/* End PBXFileSystemSynchronizedBuildFileExceptionSet section */

/* Begin PBXFileSystemSynchronizedGroupBuildPhaseMembershipExceptionSet section */
		5049580E2E0C2FA40007D683 /* PBXFileSystemSynchronizedGroupBuildPhaseMembershipExceptionSet */ = {
			isa = PBXFileSystemSynchronizedGroupBuildPhaseMembershipExceptionSet;
			buildPhase = 517D701322BBC34A00E374FB /* Headers */;
			membershipExceptions = (
				"Modules/Local Campaigns/QuietHours/BALocalCampaignQuietHours.m",
			);
		};
/* End PBXFileSystemSynchronizedGroupBuildPhaseMembershipExceptionSet section */

/* Begin PBXFileSystemSynchronizedRootGroup section */
		50F37F302DF2CB9F00709042 /* batchTests */ = {isa = PBXFileSystemSynchronizedRootGroup; explicitFileTypes = {}; explicitFolders = (); path = batchTests; sourceTree = "<group>"; };
		50F387732DF2CCBE00709042 /* Batch */ = {isa = PBXFileSystemSynchronizedRootGroup; exceptions = (50F389A22DF2CCBE00709042 /* PBXFileSystemSynchronizedBuildFileExceptionSet */, 5049580E2E0C2FA40007D683 /* PBXFileSystemSynchronizedGroupBuildPhaseMembershipExceptionSet */, ); explicitFileTypes = {"Modules/Local Campaigns/QuietHours/BALocalCampaignQuietHours.m" = sourcecode.c.objc; }; explicitFolders = (); path = Batch; sourceTree = "<group>"; };
/* End PBXFileSystemSynchronizedRootGroup section */

/* Begin PBXFrameworksBuildPhase section */
		02F7846819B9EF5A0006FF07 /* Frameworks */ = {
			isa = PBXFrameworksBuildPhase;
			buildActionMask = 2147483647;
			files = (
				516D717A260924F000CF7F5B /* libOCMock-Batch.a in Frameworks */,
				5015DB552DCA2AD900DD62DC /* SampleShared in Frameworks */,
				511B91FE22CE32A3002BC4A8 /* Batch.framework in Frameworks */,
				517BAFD324D1B4E500BB0384 /* InstantMock in Frameworks */,
			);
			runOnlyForDeploymentPostprocessing = 0;
		};
		516D7114260924CC00CF7F5B /* Frameworks */ = {
			isa = PBXFrameworksBuildPhase;
			buildActionMask = 2147483647;
			files = (
			);
			runOnlyForDeploymentPostprocessing = 0;
		};
		517D701522BBC34A00E374FB /* Frameworks */ = {
			isa = PBXFrameworksBuildPhase;
			buildActionMask = 2147483647;
			files = (
			);
			runOnlyForDeploymentPostprocessing = 0;
		};
/* End PBXFrameworksBuildPhase section */

/* Begin PBXGroup section */
		02F7845619B9EF5A0006FF07 = {
			isa = PBXGroup;
			children = (
				50F387732DF2CCBE00709042 /* Batch */,
				51BD191F201F5AAC00C2524D /* Frameworks */,
				515463E825121B960008E201 /* OCMock */,
				02F7846119B9EF5A0006FF07 /* Products */,
				50F37F302DF2CB9F00709042 /* batchTests */,
				511B91FF22CE3365002BC4A8 /* sdk.xctestplan */,
			);
			sourceTree = "<group>";
		};
		02F7846119B9EF5A0006FF07 /* Products */ = {
			isa = PBXGroup;
			children = (
				02F7846B19B9EF5A0006FF07 /* BatchTests.xctest */,
				517D701822BBC34A00E374FB /* Batch.framework */,
				516D7117260924CC00CF7F5B /* libOCMock-Batch.a */,
			);
			name = Products;
			sourceTree = "<group>";
		};
		515463E825121B960008E201 /* OCMock */ = {
			isa = PBXGroup;
			children = (
				515463EA25121B960008E201 /* Info.plist */,
				515463F425121BB70008E201 /* License.txt */,
				5154641025121BC20008E201 /* NSInvocation+OCMAdditions.h */,
				5154644025121BC40008E201 /* NSInvocation+OCMAdditions.m */,
				5154643E25121BC40008E201 /* NSMethodSignature+OCMAdditions.h */,
				5154642425121BC30008E201 /* NSMethodSignature+OCMAdditions.m */,
				5154641B25121BC20008E201 /* NSNotificationCenter+OCMAdditions.h */,
				515463FE25121BC10008E201 /* NSNotificationCenter+OCMAdditions.m */,
				5154644325121BC40008E201 /* NSObject+OCMAdditions.h */,
				5154641D25121BC20008E201 /* NSObject+OCMAdditions.m */,
				5154640A25121BC10008E201 /* NSValue+OCMAdditions.h */,
				5154643125121BC30008E201 /* NSValue+OCMAdditions.m */,
				5154640E25121BC10008E201 /* OCClassMockObject.h */,
				5154642E25121BC30008E201 /* OCClassMockObject.m */,
				5154642725121BC30008E201 /* OCMArg.h */,
				5154640025121BC10008E201 /* OCMArg.m */,
				5154640925121BC10008E201 /* OCMArgAction.h */,
				5154641125121BC20008E201 /* OCMArgAction.m */,
				5154643525121BC40008E201 /* OCMBlockArgCaller.h */,
				5154641225121BC20008E201 /* OCMBlockArgCaller.m */,
				5154640425121BC10008E201 /* OCMBlockCaller.h */,
				5154642625121BC30008E201 /* OCMBlockCaller.m */,
				5154641C25121BC20008E201 /* OCMBoxedReturnValueProvider.h */,
				5154641525121BC20008E201 /* OCMBoxedReturnValueProvider.m */,
				5154640F25121BC20008E201 /* OCMConstraint.h */,
				5154640625121BC10008E201 /* OCMConstraint.m */,
				5154643C25121BC40008E201 /* OCMExceptionReturnValueProvider.h */,
				5154642B25121BC30008E201 /* OCMExceptionReturnValueProvider.m */,
				5154641725121BC20008E201 /* OCMExpectationRecorder.h */,
				5154643725121BC40008E201 /* OCMExpectationRecorder.m */,
				5154642925121BC30008E201 /* OCMFunctions.h */,
				5154642125121BC20008E201 /* OCMFunctions.m */,
				5154641825121BC20008E201 /* OCMFunctionsPrivate.h */,
				515463FA25121BC00008E201 /* OCMIndirectReturnValueProvider.h */,
				5154642325121BC30008E201 /* OCMIndirectReturnValueProvider.m */,
				5154642A25121BC30008E201 /* OCMInvocationExpectation.h */,
				515463FB25121BC10008E201 /* OCMInvocationExpectation.m */,
				5154643A25121BC40008E201 /* OCMInvocationMatcher.h */,
				5154643625121BC40008E201 /* OCMInvocationMatcher.m */,
				5154643B25121BC40008E201 /* OCMInvocationStub.h */,
				5154640825121BC10008E201 /* OCMInvocationStub.m */,
				5154640725121BC10008E201 /* OCMLocation.h */,
				5154640125121BC10008E201 /* OCMLocation.m */,
				515463FC25121BC10008E201 /* OCMMacroState.h */,
				5154642525121BC30008E201 /* OCMMacroState.m */,
				5154641E25121BC20008E201 /* OCMNonRetainingObjectReturnValueProvider.h */,
				5154640C25121BC10008E201 /* OCMNonRetainingObjectReturnValueProvider.m */,
				5154641A25121BC20008E201 /* OCMNotificationPoster.h */,
				5154641625121BC20008E201 /* OCMNotificationPoster.m */,
				5154643825121BC40008E201 /* OCMObjectReturnValueProvider.h */,
				5154644425121BC40008E201 /* OCMObjectReturnValueProvider.m */,
				5154643225121BC30008E201 /* OCMObserverRecorder.h */,
				5154643325121BC30008E201 /* OCMObserverRecorder.m */,
				5154642F25121BC30008E201 /* OCMPassByRefSetter.h */,
				5154642025121BC20008E201 /* OCMPassByRefSetter.m */,
				5154641325121BC20008E201 /* OCMQuantifier.h */,
				5154640525121BC10008E201 /* OCMQuantifier.m */,
				515463FD25121BC10008E201 /* OCMRealObjectForwarder.h */,
				5154644225121BC40008E201 /* OCMRealObjectForwarder.m */,
				5154642825121BC30008E201 /* OCMRecorder.h */,
				5154642C25121BC30008E201 /* OCMRecorder.m */,
				5154643D25121BC40008E201 /* OCMStubRecorder.h */,
				5154641925121BC20008E201 /* OCMStubRecorder.m */,
				5154640325121BC10008E201 /* OCMVerifier.h */,
				5154643025121BC30008E201 /* OCMVerifier.m */,
				5154643F25121BC40008E201 /* OCMock-Info.plist */,
				5154643925121BC40008E201 /* OCMock-Prefix.pch */,
				515463E925121B960008E201 /* OCMock.h */,
				514FCA7325121DDF00CAF31A /* OCMock.modulemap */,
				5154641F25121BC20008E201 /* OCMockMacros.h */,
				5154642225121BC20008E201 /* OCMockObject.h */,
				515463FF25121BC10008E201 /* OCMockObject.m */,
				5154642D25121BC30008E201 /* OCObserverMockObject.h */,
				5154641425121BC20008E201 /* OCObserverMockObject.m */,
				5154643425121BC30008E201 /* OCPartialMockObject.h */,
				5154640D25121BC10008E201 /* OCPartialMockObject.m */,
				5154640B25121BC10008E201 /* OCProtocolMockObject.h */,
				5154644125121BC40008E201 /* OCProtocolMockObject.m */,
				514FCA7425121DED00CAF31A /* README.md */,
			);
			path = OCMock;
			sourceTree = "<group>";
		};
		51BD191F201F5AAC00C2524D /* Frameworks */ = {
			isa = PBXGroup;
			children = (
				6229102324530CBE00B03563 /* BatchExtension.framework */,
				516BBC0822BD0A0D00742649 /* UserNotifications.framework */,
			);
			name = Frameworks;
			sourceTree = "<group>";
		};
/* End PBXGroup section */

/* Begin PBXHeadersBuildPhase section */
		517D701322BBC34A00E374FB /* Headers */ = {
			isa = PBXHeadersBuildPhase;
			buildActionMask = 2147483647;
			files = (
			);
			runOnlyForDeploymentPostprocessing = 0;
		};
/* End PBXHeadersBuildPhase section */

/* Begin PBXNativeTarget section */
		02F7846A19B9EF5A0006FF07 /* BatchTests */ = {
			isa = PBXNativeTarget;
			buildConfigurationList = 02F7847619B9EF5A0006FF07 /* Build configuration list for PBXNativeTarget "BatchTests" */;
			buildPhases = (
				02F7846719B9EF5A0006FF07 /* Sources */,
				02F7846819B9EF5A0006FF07 /* Frameworks */,
				02F7846919B9EF5A0006FF07 /* Resources */,
				51BD192720208B8500C2524D /* Copy Files (3 items) */,
			);
			buildRules = (
			);
			dependencies = (
			);
			fileSystemSynchronizedGroups = (
				50F37F302DF2CB9F00709042 /* batchTests */,
			);
			name = BatchTests;
			packageProductDependencies = (
				5100717B24A267FC0068D126 /* InstantMock */,
				5015DB542DCA2AD900DD62DC /* SampleShared */,
			);
			productName = BatchTests;
			productReference = 02F7846B19B9EF5A0006FF07 /* BatchTests.xctest */;
			productType = "com.apple.product-type.bundle.unit-test";
		};
		516D7116260924CC00CF7F5B /* OCMock-Batch */ = {
			isa = PBXNativeTarget;
			buildConfigurationList = 516D711F260924CC00CF7F5B /* Build configuration list for PBXNativeTarget "OCMock-Batch" */;
			buildPhases = (
				516D7113260924CC00CF7F5B /* Sources */,
				516D7114260924CC00CF7F5B /* Frameworks */,
				516D7115260924CC00CF7F5B /* CopyFiles */,
			);
			buildRules = (
			);
			dependencies = (
			);
			name = "OCMock-Batch";
			productName = "OCMock-Batch";
			productReference = 516D7117260924CC00CF7F5B /* libOCMock-Batch.a */;
			productType = "com.apple.product-type.library.static";
		};
		517D701722BBC34A00E374FB /* Batch */ = {
			isa = PBXNativeTarget;
			buildConfigurationList = 517D701D22BBC34A00E374FB /* Build configuration list for PBXNativeTarget "Batch" */;
			buildPhases = (
				516C406723D9FD63000C11CF /* ShellScript */,
				517D701322BBC34A00E374FB /* Headers */,
				517D701422BBC34A00E374FB /* Sources */,
				517D701522BBC34A00E374FB /* Frameworks */,
				517D701622BBC34A00E374FB /* Resources */,
				5113932C2BA3011B00DB58CE /* Run Script */,
			);
			buildRules = (
			);
			dependencies = (
			);
			fileSystemSynchronizedGroups = (
				50F387732DF2CCBE00709042 /* Batch */,
			);
			name = Batch;
			productName = Batch;
			productReference = 517D701822BBC34A00E374FB /* Batch.framework */;
			productType = "com.apple.product-type.framework";
		};
/* End PBXNativeTarget section */

/* Begin PBXProject section */
		02F7845719B9EF5A0006FF07 /* Project object */ = {
			isa = PBXProject;
			attributes = {
				BuildIndependentTargetsInParallel = YES;
				LastUpgradeCheck = 1520;
				ORGANIZATIONNAME = Batch.com;
				TargetAttributes = {
					02849C3219BA00350013408B = {
						CreatedOnToolsVersion = 6.0;
					};
					02F7846A19B9EF5A0006FF07 = {
						CreatedOnToolsVersion = 6.0;
						DevelopmentTeam = U5K2ETC2Y6;
						LastSwiftMigration = 1020;
					};
					516D7116260924CC00CF7F5B = {
						CreatedOnToolsVersion = 12.4;
					};
					517D701722BBC34A00E374FB = {
						CreatedOnToolsVersion = 11.0;
						DevelopmentTeam = U5K2ETC2Y6;
						LastSwiftMigration = 1520;
						ProvisioningStyle = Automatic;
					};
				};
			};
			buildConfigurationList = 02F7845A19B9EF5A0006FF07 /* Build configuration list for PBXProject "Batch" */;
			developmentRegion = en;
			hasScannedForEncodings = 0;
			knownRegions = (
				en,
				Base,
			);
			mainGroup = 02F7845619B9EF5A0006FF07;
			packageReferences = (
				5100717A24A267FC0068D126 /* XCRemoteSwiftPackageReference "InstantMock" */,
			);
			preferredProjectObjectVersion = 46;
			productRefGroup = 02F7846119B9EF5A0006FF07 /* Products */;
			projectDirPath = "";
			projectRoot = "";
			targets = (
				517D701722BBC34A00E374FB /* Batch */,
				02F7846A19B9EF5A0006FF07 /* BatchTests */,
				02849C3219BA00350013408B /* BatchUniversal */,
				516BBC0A22BD0D2900742649 /* BatchXCFramework */,
				516D7116260924CC00CF7F5B /* OCMock-Batch */,
			);
		};
/* End PBXProject section */

/* Begin PBXResourcesBuildPhase section */
		02F7846919B9EF5A0006FF07 /* Resources */ = {
			isa = PBXResourcesBuildPhase;
			buildActionMask = 2147483647;
			files = (
			);
			runOnlyForDeploymentPostprocessing = 0;
		};
		517D701622BBC34A00E374FB /* Resources */ = {
			isa = PBXResourcesBuildPhase;
			buildActionMask = 2147483647;
			files = (
			);
			runOnlyForDeploymentPostprocessing = 0;
		};
/* End PBXResourcesBuildPhase section */

/* Begin PBXShellScriptBuildPhase section */
		02849C3619BA00480013408B /* ShellScript */ = {
			isa = PBXShellScriptBuildPhase;
			alwaysOutOfDate = 1;
			buildActionMask = 2147483647;
			files = (
			);
			inputPaths = (
			);
			outputPaths = (
			);
			runOnlyForDeploymentPostprocessing = 0;
			shellPath = /bin/sh;
			shellScript = "# workaround for bitcode generation problem with Xcode 7.3\nunset TOOLCHAINS\n\nexport CONFIGURATION=Release\n\n# define output folder environment variable\nUNIVERSAL_OUTPUTFOLDER=${PROJECT_DIR}/universal/Batch.embeddedframework\n\n# Step 1. Build Device and Simulator versions\nxcodebuild -target Batch ONLY_ACTIVE_ARCH=NO -configuration ${CONFIGURATION} -sdk iphoneos  BUILD_DIR=\"${BUILD_DIR}\" BUILD_ROOT=\"${BUILD_ROOT}\"\nxcodebuild -target Batch ONLY_ACTIVE_ARCH=NO -configuration ${CONFIGURATION} -sdk iphonesimulator BUILD_DIR=\"${BUILD_DIR}\" BUILD_ROOT=\"${BUILD_ROOT}\"\n\n# Remove the old output folder\nrm -rf \"${UNIVERSAL_OUTPUTFOLDER}\"\n\n# Recreate it\nmkdir -p \"${UNIVERSAL_OUTPUTFOLDER}\"\n\n# Copy the generated framework\ncp -R \"${BUILD_DIR}/${CONFIGURATION}-iphoneos/Batch.framework\" \"${UNIVERSAL_OUTPUTFOLDER}/\"\n\n# Remove the old binary\nrm \"${UNIVERSAL_OUTPUTFOLDER}/Batch.framework/Batch\"\n\n# Extract Intel slices from the simulator binary\n# We can't support arm64 and arm64e for silicon macs in a fat framework, lipo will fail\nSIMULATOR_FRAMEWORK_PATH=\"${BUILD_DIR}/${CONFIGURATION}-iphonesimulator/Batch.framework/Batch\"\nlipo -extract \"x86_64\" -output \"${SIMULATOR_FRAMEWORK_PATH}-x86_64\" \"${SIMULATOR_FRAMEWORK_PATH}\"\n\n# Create universal binary file using lipo\nlipo -create -output \"${UNIVERSAL_OUTPUTFOLDER}/Batch.framework/Batch\" \"${BUILD_DIR}/${CONFIGURATION}-iphoneos/Batch.framework/Batch\" \"${SIMULATOR_FRAMEWORK_PATH}-x86_64\" \n\n# make sure the resource directory exists\nmkdir -p \"${UNIVERSAL_OUTPUTFOLDER}/Batch.bundle\"\nrm -R \"${UNIVERSAL_OUTPUTFOLDER}/Batch.bundle/\"\n\n# Move ressources.\nmkdir -p \"${UNIVERSAL_OUTPUTFOLDER}/Batch.framework/en.lproj/\" #this may not exist\ncp -R \"${UNIVERSAL_OUTPUTFOLDER}/Batch.framework/en.lproj/\" \"${UNIVERSAL_OUTPUTFOLDER}/Batch.bundle/\"\nrm -R \"${UNIVERSAL_OUTPUTFOLDER}/Batch.framework/en.lproj/\"\ntouch \"${UNIVERSAL_OUTPUTFOLDER}/Batch.bundle/.gitignore\"\n\n# Clean up framework for public use\ncd \"${UNIVERSAL_OUTPUTFOLDER}/Batch.framework/\"\nsh ${PROJECT_DIR}/../Tools/Scripts/strip_public_swift_framework.sh\n";
		};
		5113932C2BA3011B00DB58CE /* Run Script */ = {
			isa = PBXShellScriptBuildPhase;
			alwaysOutOfDate = 1;
			buildActionMask = 8;
			files = (
			);
			inputFileListPaths = (
			);
			inputPaths = (
			);
			name = "Run Script";
			outputFileListPaths = (
			);
			outputPaths = (
			);
			runOnlyForDeploymentPostprocessing = 1;
			shellPath = /bin/sh;
			shellScript = "# Work around an issue where release builds of Batch on Xcode 15.3 need to have\n# a very high Deployment target to pass validation\n# https://github.com/BatchLabs/Batch-iOS-SDK/issues/35\n# We can't override this when building so we need to patch the plist before it's bundled\n# in the xcframework or signed\nif [[ -z \"${IS_MACCATALYST}\" ]]; then\n    # We are NOT in a catalyst environment: we only want to patch iOS/visionOS builds\n    # We also do not want to patch simulator builds\n    if [[ ${SDK_NAME} != *\"simulator\"* ]]; then\n        echo \"Patching MinimumOSVersion to 100.0\"\n        plutil -replace MinimumOSVersion -string 100.0 \"${BUILT_PRODUCTS_DIR}/Batch.framework/Info.plist\"\n    fi\nfi\n    \n";
		};
		516BBC0B22BD0D2900742649 /* ShellScript */ = {
			isa = PBXShellScriptBuildPhase;
			alwaysOutOfDate = 1;
			buildActionMask = 2147483647;
			files = (
			);
			inputFileListPaths = (
			);
			inputPaths = (
			);
			outputPaths = (
			);
			runOnlyForDeploymentPostprocessing = 0;
			shellPath = /bin/sh;
			shellScript = "# workaround for bitcode generation problem with Xcode 7.3\nunset TOOLCHAINS\n\nexport CONFIGURATION=Release\n\n# define output folder environment variable\nARCHIVES_OUTPUTFOLDER=${PROJECT_DIR}/universal/Archives\nDSYMS_OUTPUTFOLDER=${PROJECT_DIR}/universal/dSYMs\nXCFRAMEWORK_OUTPUT=${PROJECT_DIR}/universal/Batch.xcframework\n\n# Create the output folders\nmkdir -p \"${ARCHIVES_OUTPUTFOLDER}\"\nmkdir -p \"${DSYMS_OUTPUTFOLDER}\"\nrm -f \"${DSYMS_OUTPUTFOLDER}/*.dSYM\"\n\n# Step 1. Build Device, Simulator, macOS and visionOS versions\nxcodebuild archive -scheme Batch -destination \"generic/platform=iOS\" -configuration ${CONFIGURATION} -archivePath \"${ARCHIVES_OUTPUTFOLDER}/Batch-iphoneos.xcarchive\" SKIP_INSTALL=NO ONLY_ACTIVE_ARCH=NO ARCHS=\"arm64 arm64e\" VALID_ARCHS=\"arm64 arm64e\"\nxcodebuild archive -scheme Batch -destination \"generic/platform=iOS Simulator\" -configuration ${CONFIGURATION} -archivePath \"${ARCHIVES_OUTPUTFOLDER}/Batch-iphonesimulator.xcarchive\" SKIP_INSTALL=NO ONLY_ACTIVE_ARCH=NO\nxcodebuild archive -scheme Batch -destination \"platform=macOS\" -configuration ${CONFIGURATION} -archivePath \"${ARCHIVES_OUTPUTFOLDER}/Batch-macos.xcarchive\" SKIP_INSTALL=NO ONLY_ACTIVE_ARCH=NO IPHONEOS_DEPLOYMENT_TARGET=\"16.0\"\n\n# We need a xcconfig to override SDKROOT to fix an issue with visionOS SDK being\n# required to build xros frameworks https://forums.developer.apple.com/forums/thread/743246\n# Setting SDKROOT or even making a new configuration does not work\ncp \"${PROJECT_DIR}/Batch/ReleaseConfig-visionos-workaround-vision.xcconfig\" \"${PROJECT_DIR}/Batch/ReleaseConfig.xcconfig\"\nxcodebuild archive -scheme Batch -destination \"generic/platform=visionOS\" -configuration ${CONFIGURATION} -archivePath \"${ARCHIVES_OUTPUTFOLDER}/Batch-xros.xcarchive\" SKIP_INSTALL=NO ONLY_ACTIVE_ARCH=NO SDKROOT=xros\nxcodebuild archive -scheme Batch -destination \"generic/platform=visionOS Simulator\" -configuration ${CONFIGURATION} -archivePath \"${ARCHIVES_OUTPUTFOLDER}/Batch-xrossimulator.xcarchive\" SKIP_INSTALL=NO ONLY_ACTIVE_ARCH=NO\ncp \"${PROJECT_DIR}/Batch/ReleaseConfig-visionos-workaround-initial.xcconfig\" \"${PROJECT_DIR}/Batch/ReleaseConfig.xcconfig\"\n\n# Step 2. Copy the dSYMs\n\ncp -a \"${ARCHIVES_OUTPUTFOLDER}/Batch-iphoneos.xcarchive/dSYMs/Batch.framework.dSYM\" \"${DSYMS_OUTPUTFOLDER}/Batch_iphoneos.framework.dSYM\"\ncp -a \"${ARCHIVES_OUTPUTFOLDER}/Batch-iphonesimulator.xcarchive/dSYMs/Batch.framework.dSYM\" \"${DSYMS_OUTPUTFOLDER}/Batch_iphonesimulator.framework.dSYM\"\ncp -a \"${ARCHIVES_OUTPUTFOLDER}/Batch-macos.xcarchive/dSYMs/Batch.framework.dSYM\" \"${DSYMS_OUTPUTFOLDER}/Batch_macos.framework.dSYM\"\ncp -a \"${ARCHIVES_OUTPUTFOLDER}/Batch-xros.xcarchive/dSYMs/Batch.framework.dSYM\" \"${DSYMS_OUTPUTFOLDER}/Batch_xros.framework.dSYM\"\ncp -a \"${ARCHIVES_OUTPUTFOLDER}/Batch-xrossimulator.xcarchive/dSYMs/Batch.framework.dSYM\" \"${DSYMS_OUTPUTFOLDER}/Batch_xrossimulator.framework.dSYM\"\n\n# Step 3. Clean up the frameworks\n\npushd .\n\ncd \"${ARCHIVES_OUTPUTFOLDER}/Batch-iphoneos.xcarchive/Products/Library/Frameworks/Batch.framework/\"\nsh ${PROJECT_DIR}/../Tools/Scripts/strip_public_swift_framework.sh\n\ncd \"${ARCHIVES_OUTPUTFOLDER}/Batch-iphonesimulator.xcarchive/Products/Library/Frameworks/Batch.framework/\"\nsh ${PROJECT_DIR}/../Tools/Scripts/strip_public_swift_framework.sh\n\ncd \"${ARCHIVES_OUTPUTFOLDER}/Batch-macos.xcarchive/Products/Library/Frameworks/Batch.framework/Versions/A/\"\nsh ${PROJECT_DIR}/../Tools/Scripts/strip_public_swift_framework.sh\n\ncd \"${ARCHIVES_OUTPUTFOLDER}/Batch-xros.xcarchive/Products/Library/Frameworks/Batch.framework/\"\nsh ${PROJECT_DIR}/../Tools/Scripts/strip_public_swift_framework.sh\n\ncd \"${ARCHIVES_OUTPUTFOLDER}/Batch-xrossimulator.xcarchive/Products/Library/Frameworks/Batch.framework/\"\nsh ${PROJECT_DIR}/../Tools/Scripts/strip_public_swift_framework.sh\n\n## 3.1: Fix Xcode not creating the \"PrivateHeaders\" folder, which can break Azure Pipelines\n## https://github.com/bamlab/react-native-batch-push/issues/67\nmkdir \"PrivateHeaders\"\n\npopd\n\n# Step 4. Make the xcframework\n# Remove the old xcframework\nrm -rf \"${XCFRAMEWORK_OUTPUT}\"\n\n# Build the xcframework\n\npushd .\ncd \"${PROJECT_DIR}/universal\"\nxcodebuild -create-xcframework \\\n    -framework \"Archives/Batch-iphoneos.xcarchive/Products/Library/Frameworks/Batch.framework\" \\\n    -framework \"Archives/Batch-iphonesimulator.xcarchive/Products/Library/Frameworks/Batch.framework\" \\\n    -framework \"Archives/Batch-macos.xcarchive/Products/Library/Frameworks/Batch.framework\" \\\n    -framework \"Archives/Batch-xros.xcarchive/Products/Library/Frameworks/Batch.framework\" \\\n    -framework \"Archives/Batch-xrossimulator.xcarchive/Products/Library/Frameworks/Batch.framework\" \\\n    -output \"Batch.xcframework\"\n\n# Sign it for distribution\n# (Apple Enterprise Account)\n\nif [ \"$BATCHSDK_SIGN_XCFRAMEWORK\" == \"1\" ]\nthen\n    echo \"Signing Batch.xcframework\"\n    codesign --timestamp -v --sign \"iPhone Distribution: IMEDIAPP\" \"${XCFRAMEWORK_OUTPUT}\"\nfi\n";
		};
		516C406723D9FD63000C11CF /* ShellScript */ = {
			isa = PBXShellScriptBuildPhase;
			alwaysOutOfDate = 1;
			buildActionMask = 12;
			files = (
			);
			inputFileListPaths = (
			);
			inputPaths = (
				"",
			);
			outputFileListPaths = (
			);
			outputPaths = (
			);
			runOnlyForDeploymentPostprocessing = 0;
			shellPath = /bin/bash;
			shellScript = "cd ${PROJECT_DIR}\nenv -i HOME=\"$HOME\" bash -l -c ../Tools/Scripts/generate_private_umbrella_header.sh\n";
		};
/* End PBXShellScriptBuildPhase section */

/* Begin PBXSourcesBuildPhase section */
		02F7846719B9EF5A0006FF07 /* Sources */ = {
			isa = PBXSourcesBuildPhase;
			buildActionMask = 2147483647;
			files = (
			);
			runOnlyForDeploymentPostprocessing = 0;
		};
		516D7113260924CC00CF7F5B /* Sources */ = {
			isa = PBXSourcesBuildPhase;
			buildActionMask = 2147483647;
			files = (
				516D712A260924E500CF7F5B /* NSInvocation+OCMAdditions.h in Sources */,
				516D712B260924E500CF7F5B /* NSInvocation+OCMAdditions.m in Sources */,
				516D712C260924E500CF7F5B /* NSMethodSignature+OCMAdditions.h in Sources */,
				516D712D260924E500CF7F5B /* NSMethodSignature+OCMAdditions.m in Sources */,
				516D712E260924E500CF7F5B /* NSNotificationCenter+OCMAdditions.h in Sources */,
				516D712F260924E500CF7F5B /* NSNotificationCenter+OCMAdditions.m in Sources */,
				516D7130260924E500CF7F5B /* NSObject+OCMAdditions.h in Sources */,
				516D7131260924E500CF7F5B /* NSObject+OCMAdditions.m in Sources */,
				516D7132260924E500CF7F5B /* NSValue+OCMAdditions.h in Sources */,
				516D7133260924E500CF7F5B /* NSValue+OCMAdditions.m in Sources */,
				516D7134260924E500CF7F5B /* OCClassMockObject.h in Sources */,
				516D7135260924E500CF7F5B /* OCClassMockObject.m in Sources */,
				516D7136260924E500CF7F5B /* OCMArg.h in Sources */,
				516D7137260924E500CF7F5B /* OCMArg.m in Sources */,
				516D7138260924E500CF7F5B /* OCMArgAction.h in Sources */,
				516D7139260924E500CF7F5B /* OCMArgAction.m in Sources */,
				516D713A260924E500CF7F5B /* OCMBlockArgCaller.h in Sources */,
				516D713B260924E500CF7F5B /* OCMBlockArgCaller.m in Sources */,
				516D713C260924E500CF7F5B /* OCMBlockCaller.h in Sources */,
				516D713D260924E500CF7F5B /* OCMBlockCaller.m in Sources */,
				516D713E260924E500CF7F5B /* OCMBoxedReturnValueProvider.h in Sources */,
				516D713F260924E500CF7F5B /* OCMBoxedReturnValueProvider.m in Sources */,
				516D7140260924E500CF7F5B /* OCMConstraint.h in Sources */,
				516D7141260924E500CF7F5B /* OCMConstraint.m in Sources */,
				516D7142260924E500CF7F5B /* OCMExceptionReturnValueProvider.h in Sources */,
				516D7143260924E500CF7F5B /* OCMExceptionReturnValueProvider.m in Sources */,
				516D7144260924E500CF7F5B /* OCMExpectationRecorder.h in Sources */,
				516D7145260924E500CF7F5B /* OCMExpectationRecorder.m in Sources */,
				516D7146260924E500CF7F5B /* OCMFunctions.h in Sources */,
				516D7147260924E500CF7F5B /* OCMFunctions.m in Sources */,
				516D7148260924E500CF7F5B /* OCMFunctionsPrivate.h in Sources */,
				516D7149260924E500CF7F5B /* OCMIndirectReturnValueProvider.h in Sources */,
				516D714A260924E500CF7F5B /* OCMIndirectReturnValueProvider.m in Sources */,
				516D714B260924E500CF7F5B /* OCMInvocationExpectation.h in Sources */,
				516D714C260924E500CF7F5B /* OCMInvocationExpectation.m in Sources */,
				516D714D260924E500CF7F5B /* OCMInvocationMatcher.h in Sources */,
				516D714E260924E500CF7F5B /* OCMInvocationMatcher.m in Sources */,
				516D714F260924E500CF7F5B /* OCMInvocationStub.h in Sources */,
				516D7150260924E500CF7F5B /* OCMInvocationStub.m in Sources */,
				516D7151260924E500CF7F5B /* OCMLocation.h in Sources */,
				516D7152260924E500CF7F5B /* OCMLocation.m in Sources */,
				516D7153260924E500CF7F5B /* OCMMacroState.h in Sources */,
				516D7154260924E500CF7F5B /* OCMMacroState.m in Sources */,
				516D7155260924E500CF7F5B /* OCMNonRetainingObjectReturnValueProvider.h in Sources */,
				516D7156260924E500CF7F5B /* OCMNonRetainingObjectReturnValueProvider.m in Sources */,
				516D7157260924E500CF7F5B /* OCMNotificationPoster.h in Sources */,
				516D7158260924E500CF7F5B /* OCMNotificationPoster.m in Sources */,
				516D7159260924E500CF7F5B /* OCMObjectReturnValueProvider.h in Sources */,
				516D715A260924E500CF7F5B /* OCMObjectReturnValueProvider.m in Sources */,
				516D715B260924E500CF7F5B /* OCMObserverRecorder.h in Sources */,
				516D715C260924E500CF7F5B /* OCMObserverRecorder.m in Sources */,
				516D715D260924E500CF7F5B /* OCMock-Info.plist in Sources */,
				516D715E260924E500CF7F5B /* OCMock-Prefix.pch in Sources */,
				516D715F260924E500CF7F5B /* OCMockMacros.h in Sources */,
				516D7160260924E500CF7F5B /* OCMockObject.h in Sources */,
				516D7161260924E500CF7F5B /* OCMockObject.m in Sources */,
				516D7162260924E500CF7F5B /* OCMPassByRefSetter.h in Sources */,
				516D7163260924E500CF7F5B /* OCMPassByRefSetter.m in Sources */,
				516D7164260924E500CF7F5B /* OCMQuantifier.h in Sources */,
				516D7165260924E500CF7F5B /* OCMQuantifier.m in Sources */,
				516D7166260924E500CF7F5B /* OCMRealObjectForwarder.h in Sources */,
				516D7167260924E500CF7F5B /* OCMRealObjectForwarder.m in Sources */,
				516D7168260924E500CF7F5B /* OCMRecorder.h in Sources */,
				516D7169260924E500CF7F5B /* OCMRecorder.m in Sources */,
				516D716A260924E500CF7F5B /* OCMStubRecorder.h in Sources */,
				516D716B260924E500CF7F5B /* OCMStubRecorder.m in Sources */,
				516D716C260924E500CF7F5B /* OCMVerifier.h in Sources */,
				516D716D260924E500CF7F5B /* OCMVerifier.m in Sources */,
				516D716E260924E500CF7F5B /* OCObserverMockObject.h in Sources */,
				516D716F260924E500CF7F5B /* OCObserverMockObject.m in Sources */,
				516D7170260924E500CF7F5B /* OCPartialMockObject.h in Sources */,
				516D7171260924E500CF7F5B /* OCPartialMockObject.m in Sources */,
				516D7172260924E500CF7F5B /* OCProtocolMockObject.h in Sources */,
				516D7173260924E500CF7F5B /* OCProtocolMockObject.m in Sources */,
				516D7174260924E500CF7F5B /* OCMock.h in Sources */,
			);
			runOnlyForDeploymentPostprocessing = 0;
		};
		517D701422BBC34A00E374FB /* Sources */ = {
			isa = PBXSourcesBuildPhase;
			buildActionMask = 2147483647;
			files = (
			);
			runOnlyForDeploymentPostprocessing = 0;
		};
/* End PBXSourcesBuildPhase section */

/* Begin XCBuildConfiguration section */
		02849C3419BA00350013408B /* Debug */ = {
			isa = XCBuildConfiguration;
			buildSettings = {
				COMPILATION_CACHE_ENABLE_CACHING = YES;
				DEFINES_MODULE = NO;
			};
			name = Debug;
		};
		02849C3519BA00350013408B /* Release */ = {
			isa = XCBuildConfiguration;
			buildSettings = {
				COMPILATION_CACHE_ENABLE_CACHING = YES;
				DEFINES_MODULE = NO;
			};
			name = Release;
		};
		02F7847119B9EF5A0006FF07 /* Debug */ = {
			isa = XCBuildConfiguration;
			buildSettings = {
				ALWAYS_SEARCH_USER_PATHS = NO;
				ASSETCATALOG_COMPILER_GENERATE_SWIFT_ASSET_SYMBOL_EXTENSIONS = YES;
				CLANG_ANALYZER_LOCALIZABILITY_NONLOCALIZED = YES;
				CLANG_CXX_LANGUAGE_STANDARD = "gnu++0x";
				CLANG_CXX_LIBRARY = "libc++";
				CLANG_ENABLE_MODULES = YES;
				CLANG_ENABLE_OBJC_ARC = YES;
				CLANG_WARN_BLOCK_CAPTURE_AUTORELEASING = YES;
				CLANG_WARN_BOOL_CONVERSION = YES;
				CLANG_WARN_COMMA = YES;
				CLANG_WARN_CONSTANT_CONVERSION = YES;
				CLANG_WARN_DEPRECATED_OBJC_IMPLEMENTATIONS = YES;
				CLANG_WARN_DIRECT_OBJC_ISA_USAGE = YES_ERROR;
				CLANG_WARN_EMPTY_BODY = YES;
				CLANG_WARN_ENUM_CONVERSION = YES;
				CLANG_WARN_INFINITE_RECURSION = YES;
				CLANG_WARN_INT_CONVERSION = YES;
				CLANG_WARN_NON_LITERAL_NULL_CONVERSION = YES;
				CLANG_WARN_OBJC_IMPLICIT_RETAIN_SELF = YES;
				CLANG_WARN_OBJC_LITERAL_CONVERSION = YES;
				CLANG_WARN_OBJC_ROOT_CLASS = YES_ERROR;
				CLANG_WARN_QUOTED_INCLUDE_IN_FRAMEWORK_HEADER = YES;
				CLANG_WARN_RANGE_LOOP_ANALYSIS = YES;
				CLANG_WARN_STRICT_PROTOTYPES = YES;
				CLANG_WARN_SUSPICIOUS_MOVE = YES;
				CLANG_WARN_UNREACHABLE_CODE = YES;
				CLANG_WARN__DUPLICATE_METHOD_MATCH = YES;
				"CODE_SIGN_IDENTITY[sdk=iphoneos*]" = "iPhone Developer";
				COPY_PHASE_STRIP = NO;
				CURRENT_PROJECT_VERSION = 1;
				ENABLE_STRICT_OBJC_MSGSEND = YES;
				ENABLE_TESTABILITY = YES;
				GCC_C_LANGUAGE_STANDARD = gnu99;
				GCC_DYNAMIC_NO_PIC = NO;
				GCC_NO_COMMON_BLOCKS = YES;
				GCC_OPTIMIZATION_LEVEL = 0;
				GCC_PREPROCESSOR_DEFINITIONS = (
					"DEBUG=1",
					"$(inherited)",
				);
				GCC_SYMBOLS_PRIVATE_EXTERN = NO;
				GCC_WARN_64_TO_32_BIT_CONVERSION = YES;
				GCC_WARN_ABOUT_RETURN_TYPE = YES_ERROR;
				GCC_WARN_UNDECLARED_SELECTOR = YES;
				GCC_WARN_UNINITIALIZED_AUTOS = YES_AGGRESSIVE;
				GCC_WARN_UNUSED_FUNCTION = YES;
				GCC_WARN_UNUSED_VARIABLE = YES;
				IPHONEOS_DEPLOYMENT_TARGET = 15.0;
				MTL_ENABLE_DEBUG_INFO = YES;
				ONLY_ACTIVE_ARCH = YES;
				SDKROOT = iphoneos;
				SUPPORTED_PLATFORMS = "iphonesimulator iphoneos xrsimulator xros";
				SUPPORTS_MACCATALYST = YES;
				TARGETED_DEVICE_FAMILY = "1,2";
				VERSIONING_SYSTEM = "apple-generic";
				VERSION_INFO_PREFIX = "";
				XROS_DEPLOYMENT_TARGET = 1.0;
			};
			name = Debug;
		};
		02F7847219B9EF5A0006FF07 /* Release */ = {
			isa = XCBuildConfiguration;
			buildSettings = {
				ALWAYS_SEARCH_USER_PATHS = NO;
				ASSETCATALOG_COMPILER_GENERATE_SWIFT_ASSET_SYMBOL_EXTENSIONS = YES;
				CLANG_ANALYZER_LOCALIZABILITY_NONLOCALIZED = YES;
				CLANG_CXX_LANGUAGE_STANDARD = "gnu++0x";
				CLANG_CXX_LIBRARY = "libc++";
				CLANG_ENABLE_MODULES = YES;
				CLANG_ENABLE_OBJC_ARC = YES;
				CLANG_WARN_BLOCK_CAPTURE_AUTORELEASING = YES;
				CLANG_WARN_BOOL_CONVERSION = YES;
				CLANG_WARN_COMMA = YES;
				CLANG_WARN_CONSTANT_CONVERSION = YES;
				CLANG_WARN_DEPRECATED_OBJC_IMPLEMENTATIONS = YES;
				CLANG_WARN_DIRECT_OBJC_ISA_USAGE = YES_ERROR;
				CLANG_WARN_EMPTY_BODY = YES;
				CLANG_WARN_ENUM_CONVERSION = YES;
				CLANG_WARN_INFINITE_RECURSION = YES;
				CLANG_WARN_INT_CONVERSION = YES;
				CLANG_WARN_NON_LITERAL_NULL_CONVERSION = YES;
				CLANG_WARN_OBJC_IMPLICIT_RETAIN_SELF = YES;
				CLANG_WARN_OBJC_LITERAL_CONVERSION = YES;
				CLANG_WARN_OBJC_ROOT_CLASS = YES_ERROR;
				CLANG_WARN_QUOTED_INCLUDE_IN_FRAMEWORK_HEADER = YES;
				CLANG_WARN_RANGE_LOOP_ANALYSIS = YES;
				CLANG_WARN_STRICT_PROTOTYPES = YES;
				CLANG_WARN_SUSPICIOUS_MOVE = YES;
				CLANG_WARN_UNREACHABLE_CODE = YES;
				CLANG_WARN__DUPLICATE_METHOD_MATCH = YES;
				"CODE_SIGN_IDENTITY[sdk=iphoneos*]" = "iPhone Developer";
				COPY_PHASE_STRIP = YES;
				CURRENT_PROJECT_VERSION = 1;
				ENABLE_NS_ASSERTIONS = NO;
				ENABLE_STRICT_OBJC_MSGSEND = YES;
				GCC_C_LANGUAGE_STANDARD = gnu99;
				GCC_NO_COMMON_BLOCKS = YES;
				GCC_WARN_64_TO_32_BIT_CONVERSION = YES;
				GCC_WARN_ABOUT_RETURN_TYPE = YES_ERROR;
				GCC_WARN_UNDECLARED_SELECTOR = YES;
				GCC_WARN_UNINITIALIZED_AUTOS = YES_AGGRESSIVE;
				GCC_WARN_UNUSED_FUNCTION = YES;
				GCC_WARN_UNUSED_VARIABLE = YES;
				IPHONEOS_DEPLOYMENT_TARGET = 15.0;
				MTL_ENABLE_DEBUG_INFO = NO;
				SDKROOT = iphoneos;
				SUPPORTED_PLATFORMS = "iphonesimulator iphoneos xrsimulator xros";
				SUPPORTS_MACCATALYST = YES;
				SWIFT_COMPILATION_MODE = wholemodule;
				TARGETED_DEVICE_FAMILY = "1,2";
				VALIDATE_PRODUCT = YES;
				VERSIONING_SYSTEM = "apple-generic";
				VERSION_INFO_PREFIX = "";
				XROS_DEPLOYMENT_TARGET = 1.0;
			};
			name = Release;
		};
		02F7847719B9EF5A0006FF07 /* Debug */ = {
			isa = XCBuildConfiguration;
			buildSettings = {
				CLANG_ENABLE_MODULES = YES;
				DEVELOPMENT_TEAM = U5K2ETC2Y6;
				FRAMEWORK_SEARCH_PATHS = "$(inherited)";
				GCC_PREFIX_HEADER = "$(SOURCE_ROOT)/Batch/Supporting Files/batch-Prefix.pch";
				GCC_PREPROCESSOR_DEFINITIONS = (
					"DEBUG=1",
					"$(inherited)",
				);
				HEADER_SEARCH_PATHS = "$(PROJECT_DIR)/Batch/**";
				INFOPLIST_FILE = "batchTests/Info-test.plist";
				IPHONEOS_DEPLOYMENT_TARGET = 13.0;
				LD_RUNPATH_SEARCH_PATHS = (
					"$(inherited)",
					"@executable_path/Frameworks",
					"@loader_path/Frameworks",
				);
				ONLY_ACTIVE_ARCH = YES;
				OTHER_LDFLAGS = (
					"$(inherited)",
					"-framework",
					XCTest,
					"-ObjC",
				);
				PRODUCT_BUNDLE_IDENTIFIER = "com.batch.$(PRODUCT_NAME:rfc1034identifier)";
				PRODUCT_NAME = "$(TARGET_NAME)";
				SWIFT_INCLUDE_PATHS = "$(PROJECT_DIR)/Batch/** $(PROJECT_DIR)/batchTests/Bridging\\ Headers/**";
				SWIFT_OBJC_BRIDGING_HEADER = "batchTests/Supporting Files/batchTests-Bridging-Header.h";
				SWIFT_OPTIMIZATION_LEVEL = "-Onone";
				SWIFT_VERSION = 5.0;
				USER_HEADER_SEARCH_PATHS = "$(PROJECT_TEMP_ROOT)/Variant-TSan/Batch.build/$(CONFIGURATION)-$(PLATFORM_NAME)/BatchTests.build/DerivedSources";
			};
			name = Debug;
		};
		02F7847819B9EF5A0006FF07 /* Release */ = {
			isa = XCBuildConfiguration;
			buildSettings = {
				CLANG_ENABLE_MODULES = YES;
				DEVELOPMENT_TEAM = U5K2ETC2Y6;
				FRAMEWORK_SEARCH_PATHS = "$(inherited)";
				GCC_PREFIX_HEADER = "$(SOURCE_ROOT)/Batch/Supporting Files/batch-Prefix.pch";
				HEADER_SEARCH_PATHS = "$(PROJECT_DIR)/Batch/**";
				INFOPLIST_FILE = "batchTests/Info-test.plist";
				IPHONEOS_DEPLOYMENT_TARGET = 13.0;
				LD_RUNPATH_SEARCH_PATHS = (
					"$(inherited)",
					"@executable_path/Frameworks",
					"@loader_path/Frameworks",
				);
				ONLY_ACTIVE_ARCH = NO;
				OTHER_LDFLAGS = (
					"$(inherited)",
					"-framework",
					XCTest,
					"-ObjC",
				);
				PRODUCT_BUNDLE_IDENTIFIER = "com.batch.$(PRODUCT_NAME:rfc1034identifier)";
				PRODUCT_NAME = "$(TARGET_NAME)";
				SWIFT_INCLUDE_PATHS = "$(PROJECT_DIR)/Batch/** $(PROJECT_DIR)/batchTests/Bridging\\ Headers/**";
				SWIFT_OBJC_BRIDGING_HEADER = "batchTests/Supporting Files/batchTests-Bridging-Header.h";
				SWIFT_VERSION = 5.0;
				USER_HEADER_SEARCH_PATHS = "$(PROJECT_TEMP_ROOT)/Variant-TSan/Batch.build/$(CONFIGURATION)-$(PLATFORM_NAME)/BatchTests.build/DerivedSources";
			};
			name = Release;
		};
		516BBC0E22BD0D2900742649 /* Debug */ = {
			isa = XCBuildConfiguration;
			buildSettings = {
				SDKROOT = auto;
				SUPPORTED_PLATFORMS = "iphonesimulator iphoneos xrsimulator xros";
			};
			name = Debug;
		};
		516BBC0F22BD0D2900742649 /* Release */ = {
			isa = XCBuildConfiguration;
			buildSettings = {
				SDKROOT = auto;
				SUPPORTED_PLATFORMS = "iphonesimulator iphoneos xrsimulator xros";
			};
			name = Release;
		};
		516D711D260924CC00CF7F5B /* Debug */ = {
			isa = XCBuildConfiguration;
			buildSettings = {
				CLANG_ANALYZER_NONNULL = YES;
				CLANG_ANALYZER_NUMBER_OBJECT_CONVERSION = YES_AGGRESSIVE;
				CLANG_CXX_LANGUAGE_STANDARD = "gnu++14";
				CLANG_ENABLE_OBJC_WEAK = YES;
				CLANG_WARN_DOCUMENTATION_COMMENTS = YES;
				CLANG_WARN_UNGUARDED_AVAILABILITY = YES_AGGRESSIVE;
				CODE_SIGN_STYLE = Automatic;
				DEBUG_INFORMATION_FORMAT = dwarf;
				DEVELOPMENT_TEAM = U5K2ETC2Y6;
				GCC_C_LANGUAGE_STANDARD = gnu11;
				IPHONEOS_DEPLOYMENT_TARGET = 14.4;
				MTL_ENABLE_DEBUG_INFO = INCLUDE_SOURCE;
				MTL_FAST_MATH = YES;
				OTHER_CFLAGS = "-fno-objc-arc";
				OTHER_LDFLAGS = "-ObjC";
				PRODUCT_NAME = "$(TARGET_NAME)";
				SKIP_INSTALL = YES;
				TARGETED_DEVICE_FAMILY = "1,2";
			};
			name = Debug;
		};
		516D711E260924CC00CF7F5B /* Release */ = {
			isa = XCBuildConfiguration;
			buildSettings = {
				CLANG_ANALYZER_NONNULL = YES;
				CLANG_ANALYZER_NUMBER_OBJECT_CONVERSION = YES_AGGRESSIVE;
				CLANG_CXX_LANGUAGE_STANDARD = "gnu++14";
				CLANG_ENABLE_OBJC_WEAK = YES;
				CLANG_WARN_DOCUMENTATION_COMMENTS = YES;
				CLANG_WARN_UNGUARDED_AVAILABILITY = YES_AGGRESSIVE;
				CODE_SIGN_STYLE = Automatic;
				COPY_PHASE_STRIP = NO;
				DEBUG_INFORMATION_FORMAT = "dwarf-with-dsym";
				DEVELOPMENT_TEAM = U5K2ETC2Y6;
				GCC_C_LANGUAGE_STANDARD = gnu11;
				IPHONEOS_DEPLOYMENT_TARGET = 14.4;
				MTL_FAST_MATH = YES;
				OTHER_CFLAGS = "-fno-objc-arc";
				OTHER_LDFLAGS = "-ObjC";
				PRODUCT_NAME = "$(TARGET_NAME)";
				SKIP_INSTALL = YES;
				TARGETED_DEVICE_FAMILY = "1,2";
			};
			name = Release;
		};
		517D701E22BBC34A00E374FB /* Debug */ = {
			isa = XCBuildConfiguration;
			buildSettings = {
				BUILD_LIBRARY_FOR_DISTRIBUTION = YES;
				CLANG_ANALYZER_NONNULL = YES;
				CLANG_ANALYZER_NUMBER_OBJECT_CONVERSION = YES_AGGRESSIVE;
				CLANG_CXX_LANGUAGE_STANDARD = "gnu++14";
				CLANG_ENABLE_MODULES = YES;
				CLANG_ENABLE_OBJC_WEAK = YES;
				CLANG_WARN_DOCUMENTATION_COMMENTS = YES;
				CLANG_WARN_UNGUARDED_AVAILABILITY = YES_AGGRESSIVE;
				CODE_SIGN_IDENTITY = "";
				CODE_SIGN_STYLE = Automatic;
				COMPILATION_CACHE_ENABLE_CACHING = YES;
				DEFINES_MODULE = YES;
				DEVELOPMENT_TEAM = U5K2ETC2Y6;
				DYLIB_COMPATIBILITY_VERSION = 1;
				DYLIB_CURRENT_VERSION = 1;
				DYLIB_INSTALL_NAME_BASE = "@rpath";
				ENABLE_MODULE_VERIFIER = NO;
				GCC_C_LANGUAGE_STANDARD = gnu11;
				GCC_PREFIX_HEADER = "$(SOURCE_ROOT)/Batch/Supporting Files/batch-Prefix.pch";
				INFOPLIST_FILE = Batch/Info.plist;
				INFOPLIST_OTHER_PREPROCESSOR_FLAGS = "-traditional";
				INFOPLIST_PREFIX_HEADER = Batch/Versions.h;
				INFOPLIST_PREPROCESS = YES;
				INSTALL_PATH = "$(LOCAL_LIBRARY_DIR)/Frameworks";
				IPHONEOS_DEPLOYMENT_TARGET = 15.0;
				LD_RUNPATH_SEARCH_PATHS = (
					"$(inherited)",
					"@executable_path/Frameworks",
					"@loader_path/Frameworks",
				);
				MACH_O_TYPE = mh_dylib;
				MERGEABLE_LIBRARY = YES;
				MODULEMAP_FILE = Batch/Batch.modulemap;
				MODULE_VERIFIER_SUPPORTED_LANGUAGES = "objective-c objective-c++";
				MODULE_VERIFIER_SUPPORTED_LANGUAGE_STANDARDS = "gnu11 gnu++14";
				MTL_ENABLE_DEBUG_INFO = INCLUDE_SOURCE;
				MTL_FAST_MATH = YES;
				PRODUCT_BUNDLE_IDENTIFIER = com.batch.Batch;
				PRODUCT_NAME = "$(TARGET_NAME:c99extidentifier)";
				SDKROOT = auto;
				SKIP_INSTALL = YES;
				SUPPORTED_PLATFORMS = "iphoneos iphonesimulator xros xrsimulator";
				SUPPORTS_MACCATALYST = YES;
				SWIFT_OPTIMIZATION_LEVEL = "-Onone";
				SWIFT_VERSION = 5.0;
				TARGETED_DEVICE_FAMILY = "1,2,7";
			};
			name = Debug;
		};
		517D701F22BBC34A00E374FB /* Release */ = {
			isa = XCBuildConfiguration;
			buildSettings = {
				"ARCHS[sdk=iphoneos*]" = (
					"$(ARCHS_STANDARD)",
					arm64e,
				);
				"ARCHS[sdk=xros*]" = (
					"$(ARCHS_STANDARD)",
					arm64e,
				);
				BUILD_LIBRARY_FOR_DISTRIBUTION = YES;
				CLANG_ANALYZER_NONNULL = YES;
				CLANG_ANALYZER_NUMBER_OBJECT_CONVERSION = YES_AGGRESSIVE;
				CLANG_CXX_LANGUAGE_STANDARD = "gnu++14";
				CLANG_ENABLE_MODULES = YES;
				CLANG_ENABLE_OBJC_WEAK = YES;
				CLANG_WARN_DOCUMENTATION_COMMENTS = YES;
				CLANG_WARN_UNGUARDED_AVAILABILITY = YES_AGGRESSIVE;
				CODE_SIGN_IDENTITY = "";
				CODE_SIGN_STYLE = Automatic;
				COMPILATION_CACHE_ENABLE_CACHING = YES;
				COPY_PHASE_STRIP = YES;
				DEFINES_MODULE = YES;
				DEPLOYMENT_POSTPROCESSING = YES;
				DEVELOPMENT_TEAM = U5K2ETC2Y6;
				DYLIB_COMPATIBILITY_VERSION = 1;
				DYLIB_CURRENT_VERSION = 1;
				DYLIB_INSTALL_NAME_BASE = "@rpath";
				ENABLE_MODULE_VERIFIER = YES;
				GCC_C_LANGUAGE_STANDARD = gnu11;
				GCC_OPTIMIZATION_LEVEL = s;
				GCC_PREFIX_HEADER = "$(SOURCE_ROOT)/Batch/Supporting Files/batch-Prefix.pch";
				GENERATE_MASTER_OBJECT_FILE = YES;
				INFOPLIST_FILE = Batch/Info.plist;
				INFOPLIST_OTHER_PREPROCESSOR_FLAGS = "-traditional";
				INFOPLIST_PREFIX_HEADER = Batch/Versions.h;
				INFOPLIST_PREPROCESS = YES;
				INSTALL_PATH = "$(LOCAL_LIBRARY_DIR)/Frameworks";
				IPHONEOS_DEPLOYMENT_TARGET = 15.0;
				LD_RUNPATH_SEARCH_PATHS = (
					"$(inherited)",
					"@executable_path/Frameworks",
					"@loader_path/Frameworks",
				);
				MACH_O_TYPE = mh_dylib;
				MERGEABLE_LIBRARY = YES;
				MODULEMAP_FILE = Batch/Batch.modulemap;
				MODULE_VERIFIER_SUPPORTED_LANGUAGES = "objective-c objective-c++";
				MODULE_VERIFIER_SUPPORTED_LANGUAGE_STANDARDS = "gnu11 gnu++14";
				MTL_FAST_MATH = YES;
				PRODUCT_BUNDLE_IDENTIFIER = com.batch.Batch;
				PRODUCT_NAME = "$(TARGET_NAME:c99extidentifier)";
				SDKROOT = auto;
				SKIP_INSTALL = YES;
				SUPPORTED_PLATFORMS = "iphoneos iphonesimulator xros xrsimulator";
				SUPPORTS_MACCATALYST = YES;
				SWIFT_VERSION = 5.0;
				TARGETED_DEVICE_FAMILY = "1,2,7";
			};
			name = Release;
		};
/* End XCBuildConfiguration section */

/* Begin XCConfigurationList section */
		02849C3319BA00350013408B /* Build configuration list for PBXAggregateTarget "BatchUniversal" */ = {
			isa = XCConfigurationList;
			buildConfigurations = (
				02849C3419BA00350013408B /* Debug */,
				02849C3519BA00350013408B /* Release */,
			);
			defaultConfigurationIsVisible = 0;
			defaultConfigurationName = Debug;
		};
		02F7845A19B9EF5A0006FF07 /* Build configuration list for PBXProject "Batch" */ = {
			isa = XCConfigurationList;
			buildConfigurations = (
				02F7847119B9EF5A0006FF07 /* Debug */,
				02F7847219B9EF5A0006FF07 /* Release */,
			);
			defaultConfigurationIsVisible = 0;
			defaultConfigurationName = Debug;
		};
		02F7847619B9EF5A0006FF07 /* Build configuration list for PBXNativeTarget "BatchTests" */ = {
			isa = XCConfigurationList;
			buildConfigurations = (
				02F7847719B9EF5A0006FF07 /* Debug */,
				02F7847819B9EF5A0006FF07 /* Release */,
			);
			defaultConfigurationIsVisible = 0;
			defaultConfigurationName = Debug;
		};
		516BBC0D22BD0D2900742649 /* Build configuration list for PBXAggregateTarget "BatchXCFramework" */ = {
			isa = XCConfigurationList;
			buildConfigurations = (
				516BBC0E22BD0D2900742649 /* Debug */,
				516BBC0F22BD0D2900742649 /* Release */,
			);
			defaultConfigurationIsVisible = 0;
			defaultConfigurationName = Debug;
		};
		516D711F260924CC00CF7F5B /* Build configuration list for PBXNativeTarget "OCMock-Batch" */ = {
			isa = XCConfigurationList;
			buildConfigurations = (
				516D711D260924CC00CF7F5B /* Debug */,
				516D711E260924CC00CF7F5B /* Release */,
			);
			defaultConfigurationIsVisible = 0;
			defaultConfigurationName = Debug;
		};
		517D701D22BBC34A00E374FB /* Build configuration list for PBXNativeTarget "Batch" */ = {
			isa = XCConfigurationList;
			buildConfigurations = (
				517D701E22BBC34A00E374FB /* Debug */,
				517D701F22BBC34A00E374FB /* Release */,
			);
			defaultConfigurationIsVisible = 0;
			defaultConfigurationName = Debug;
		};
/* End XCConfigurationList section */

/* Begin XCRemoteSwiftPackageReference section */
		5100717A24A267FC0068D126 /* XCRemoteSwiftPackageReference "InstantMock" */ = {
			isa = XCRemoteSwiftPackageReference;
			repositoryURL = "https://github.com/pirishd/InstantMock";
			requirement = {
				kind = upToNextMajorVersion;
				minimumVersion = 2.5.5;
			};
		};
/* End XCRemoteSwiftPackageReference section */

/* Begin XCSwiftPackageProductDependency section */
		5015DB542DCA2AD900DD62DC /* SampleShared */ = {
			isa = XCSwiftPackageProductDependency;
			productName = SampleShared;
		};
		5100717B24A267FC0068D126 /* InstantMock */ = {
			isa = XCSwiftPackageProductDependency;
			package = 5100717A24A267FC0068D126 /* XCRemoteSwiftPackageReference "InstantMock" */;
			productName = InstantMock;
		};
/* End XCSwiftPackageProductDependency section */
	};
	rootObject = 02F7845719B9EF5A0006FF07 /* Project object */;
}
