// !$*UTF8*$!
{
	archiveVersion = 1;
	classes = {
	};
	objectVersion = 46;
	objects = {

/* Begin PBXBuildFile section */
		3A3F9955308082B425048550 /* Pods.framework in Frameworks */ = {isa = PBXBuildFile; fileRef = 9B501303CC9CA37CD8138C17 /* Pods.framework */; settings = {ATTRIBUTES = (Weak, ); }; };
		5123EC3D1AF799AB009B6D4C /* MainViewController.m in Sources */ = {isa = PBXBuildFile; fileRef = 5123EC3C1AF799AB009B6D4C /* MainViewController.m */; };
		5123EC401AF79AD7009B6D4C /* UnlockManager.m in Sources */ = {isa = PBXBuildFile; fileRef = 5123EC3F1AF79AD7009B6D4C /* UnlockManager.m */; };
		5123EC431AF8CA46009B6D4C /* UnlockViewController.m in Sources */ = {isa = PBXBuildFile; fileRef = 5123EC421AF8CA46009B6D4C /* UnlockViewController.m */; };
		5123EC461AF8CA54009B6D4C /* AdsViewController.m in Sources */ = {isa = PBXBuildFile; fileRef = 5123EC451AF8CA54009B6D4C /* AdsViewController.m */; };
		5123EC481AF911BA009B6D4C /* AdSupport.framework in Frameworks */ = {isa = PBXBuildFile; fileRef = 5123EC471AF911BA009B6D4C /* AdSupport.framework */; };
		512E8AE21AF7812E0061347E /* main.m in Sources */ = {isa = PBXBuildFile; fileRef = 512E8AE11AF7812E0061347E /* main.m */; };
		512E8AE51AF7812E0061347E /* AppDelegate.m in Sources */ = {isa = PBXBuildFile; fileRef = 512E8AE41AF7812E0061347E /* AppDelegate.m */; };
		512E8AEB1AF7812E0061347E /* Main.storyboard in Resources */ = {isa = PBXBuildFile; fileRef = 512E8AE91AF7812E0061347E /* Main.storyboard */; };
		512E8AED1AF7812E0061347E /* Images.xcassets in Resources */ = {isa = PBXBuildFile; fileRef = 512E8AEC1AF7812E0061347E /* Images.xcassets */; };
		512E8AF01AF7812E0061347E /* LaunchScreen.xib in Resources */ = {isa = PBXBuildFile; fileRef = 512E8AEE1AF7812E0061347E /* LaunchScreen.xib */; };
		512E8AFC1AF7812E0061347E /* sample_objectivecTests.m in Sources */ = {isa = PBXBuildFile; fileRef = 512E8AFB1AF7812E0061347E /* sample_objectivecTests.m */; };
		51E2D1401B20578B002A3DD1 /* NativeAdsTableViewController.m in Sources */ = {isa = PBXBuildFile; fileRef = 51E2D13F1B20578B002A3DD1 /* NativeAdsTableViewController.m */; };
/* End PBXBuildFile section */

/* Begin PBXContainerItemProxy section */
		512E8AF61AF7812E0061347E /* PBXContainerItemProxy */ = {
			isa = PBXContainerItemProxy;
			containerPortal = 512E8AD41AF7812E0061347E /* Project object */;
			proxyType = 1;
			remoteGlobalIDString = 512E8ADB1AF7812E0061347E;
			remoteInfo = "sample-objectivec";
		};
/* End PBXContainerItemProxy section */

/* Begin PBXFileReference section */
		3D3A125AC2E44A9F1E11C9B6 /* Pods.debug.xcconfig */ = {isa = PBXFileReference; includeInIndex = 1; lastKnownFileType = text.xcconfig; name = Pods.debug.xcconfig; path = "Pods/Target Support Files/Pods/Pods.debug.xcconfig"; sourceTree = "<group>"; };
		5123EC3B1AF799AB009B6D4C /* MainViewController.h */ = {isa = PBXFileReference; fileEncoding = 4; lastKnownFileType = sourcecode.c.h; name = MainViewController.h; path = "View Controllers/MainViewController.h"; sourceTree = "<group>"; };
		5123EC3C1AF799AB009B6D4C /* MainViewController.m */ = {isa = PBXFileReference; fileEncoding = 4; lastKnownFileType = sourcecode.c.objc; name = MainViewController.m; path = "View Controllers/MainViewController.m"; sourceTree = "<group>"; };
		5123EC3E1AF79AD7009B6D4C /* UnlockManager.h */ = {isa = PBXFileReference; fileEncoding = 4; lastKnownFileType = sourcecode.c.h; path = UnlockManager.h; sourceTree = "<group>"; };
		5123EC3F1AF79AD7009B6D4C /* UnlockManager.m */ = {isa = PBXFileReference; fileEncoding = 4; lastKnownFileType = sourcecode.c.objc; path = UnlockManager.m; sourceTree = "<group>"; };
		5123EC411AF8CA46009B6D4C /* UnlockViewController.h */ = {isa = PBXFileReference; fileEncoding = 4; lastKnownFileType = sourcecode.c.h; name = UnlockViewController.h; path = "View Controllers/UnlockViewController.h"; sourceTree = "<group>"; };
		5123EC421AF8CA46009B6D4C /* UnlockViewController.m */ = {isa = PBXFileReference; fileEncoding = 4; lastKnownFileType = sourcecode.c.objc; name = UnlockViewController.m; path = "View Controllers/UnlockViewController.m"; sourceTree = "<group>"; };
		5123EC441AF8CA54009B6D4C /* AdsViewController.h */ = {isa = PBXFileReference; fileEncoding = 4; lastKnownFileType = sourcecode.c.h; name = AdsViewController.h; path = "View Controllers/AdsViewController.h"; sourceTree = "<group>"; };
		5123EC451AF8CA54009B6D4C /* AdsViewController.m */ = {isa = PBXFileReference; fileEncoding = 4; lastKnownFileType = sourcecode.c.objc; name = AdsViewController.m; path = "View Controllers/AdsViewController.m"; sourceTree = "<group>"; };
		5123EC471AF911BA009B6D4C /* AdSupport.framework */ = {isa = PBXFileReference; lastKnownFileType = wrapper.framework; name = AdSupport.framework; path = System/Library/Frameworks/AdSupport.framework; sourceTree = SDKROOT; };
		512E8ADC1AF7812E0061347E /* sample-objectivec.app */ = {isa = PBXFileReference; explicitFileType = wrapper.application; includeInIndex = 0; path = "sample-objectivec.app"; sourceTree = BUILT_PRODUCTS_DIR; };
		512E8AE01AF7812E0061347E /* Info.plist */ = {isa = PBXFileReference; lastKnownFileType = text.plist.xml; path = Info.plist; sourceTree = "<group>"; };
		512E8AE11AF7812E0061347E /* main.m */ = {isa = PBXFileReference; lastKnownFileType = sourcecode.c.objc; path = main.m; sourceTree = "<group>"; };
		512E8AE31AF7812E0061347E /* AppDelegate.h */ = {isa = PBXFileReference; lastKnownFileType = sourcecode.c.h; path = AppDelegate.h; sourceTree = "<group>"; };
		512E8AE41AF7812E0061347E /* AppDelegate.m */ = {isa = PBXFileReference; lastKnownFileType = sourcecode.c.objc; path = AppDelegate.m; sourceTree = "<group>"; };
		512E8AEA1AF7812E0061347E /* Base */ = {isa = PBXFileReference; lastKnownFileType = file.storyboard; name = Base; path = Base.lproj/Main.storyboard; sourceTree = "<group>"; };
		512E8AEC1AF7812E0061347E /* Images.xcassets */ = {isa = PBXFileReference; lastKnownFileType = folder.assetcatalog; path = Images.xcassets; sourceTree = "<group>"; };
		512E8AEF1AF7812E0061347E /* Base */ = {isa = PBXFileReference; lastKnownFileType = file.xib; name = Base; path = Base.lproj/LaunchScreen.xib; sourceTree = "<group>"; };
		512E8AF51AF7812E0061347E /* sample-objectivecTests.xctest */ = {isa = PBXFileReference; explicitFileType = wrapper.cfbundle; includeInIndex = 0; path = "sample-objectivecTests.xctest"; sourceTree = BUILT_PRODUCTS_DIR; };
		512E8AFA1AF7812E0061347E /* Info.plist */ = {isa = PBXFileReference; lastKnownFileType = text.plist.xml; path = Info.plist; sourceTree = "<group>"; };
		512E8AFB1AF7812E0061347E /* sample_objectivecTests.m */ = {isa = PBXFileReference; lastKnownFileType = sourcecode.c.objc; path = sample_objectivecTests.m; sourceTree = "<group>"; };
		51E2D13E1B20578B002A3DD1 /* NativeAdsTableViewController.h */ = {isa = PBXFileReference; fileEncoding = 4; lastKnownFileType = sourcecode.c.h; name = NativeAdsTableViewController.h; path = "View Controllers/NativeAdsTableViewController.h"; sourceTree = "<group>"; };
		51E2D13F1B20578B002A3DD1 /* NativeAdsTableViewController.m */ = {isa = PBXFileReference; fileEncoding = 4; lastKnownFileType = sourcecode.c.objc; name = NativeAdsTableViewController.m; path = "View Controllers/NativeAdsTableViewController.m"; sourceTree = "<group>"; };
		9B501303CC9CA37CD8138C17 /* Pods.framework */ = {isa = PBXFileReference; explicitFileType = wrapper.framework; includeInIndex = 0; path = Pods.framework; sourceTree = BUILT_PRODUCTS_DIR; };
		BC3199DB70D045F859A1C068 /* Pods.release.xcconfig */ = {isa = PBXFileReference; includeInIndex = 1; lastKnownFileType = text.xcconfig; name = Pods.release.xcconfig; path = "Pods/Target Support Files/Pods/Pods.release.xcconfig"; sourceTree = "<group>"; };
/* End PBXFileReference section */

/* Begin PBXFrameworksBuildPhase section */
		512E8AD91AF7812E0061347E /* Frameworks */ = {
			isa = PBXFrameworksBuildPhase;
			buildActionMask = 2147483647;
			files = (
				5123EC481AF911BA009B6D4C /* AdSupport.framework in Frameworks */,
				3A3F9955308082B425048550 /* Pods.framework in Frameworks */,
			);
			runOnlyForDeploymentPostprocessing = 0;
		};
		512E8AF21AF7812E0061347E /* Frameworks */ = {
			isa = PBXFrameworksBuildPhase;
			buildActionMask = 2147483647;
			files = (
			);
			runOnlyForDeploymentPostprocessing = 0;
		};
/* End PBXFrameworksBuildPhase section */

/* Begin PBXGroup section */
		512E8AD31AF7812E0061347E = {
			isa = PBXGroup;
			children = (
				512E8ADE1AF7812E0061347E /* sample-objectivec */,
				512E8AF81AF7812E0061347E /* sample-objectivecTests */,
				512E8ADD1AF7812E0061347E /* Products */,
				7DE5DB6CC2BF5B1F9A653E38 /* Pods */,
				74003ABABEC15D0AFF3D1613 /* Frameworks */,
			);
			sourceTree = "<group>";
		};
		512E8ADD1AF7812E0061347E /* Products */ = {
			isa = PBXGroup;
			children = (
				512E8ADC1AF7812E0061347E /* sample-objectivec.app */,
				512E8AF51AF7812E0061347E /* sample-objectivecTests.xctest */,
			);
			name = Products;
			sourceTree = "<group>";
		};
		512E8ADE1AF7812E0061347E /* sample-objectivec */ = {
			isa = PBXGroup;
			children = (
				512E8AE31AF7812E0061347E /* AppDelegate.h */,
				512E8AE41AF7812E0061347E /* AppDelegate.m */,
				5123EC3E1AF79AD7009B6D4C /* UnlockManager.h */,
				5123EC3F1AF79AD7009B6D4C /* UnlockManager.m */,
				512E8B0B1AF786770061347E /* View Controllers */,
				512E8AE91AF7812E0061347E /* Main.storyboard */,
				512E8AEC1AF7812E0061347E /* Images.xcassets */,
				512E8AEE1AF7812E0061347E /* LaunchScreen.xib */,
				512E8ADF1AF7812E0061347E /* Supporting Files */,
			);
			path = "sample-objectivec";
			sourceTree = "<group>";
		};
		512E8ADF1AF7812E0061347E /* Supporting Files */ = {
			isa = PBXGroup;
			children = (
				512E8AE01AF7812E0061347E /* Info.plist */,
				512E8AE11AF7812E0061347E /* main.m */,
			);
			name = "Supporting Files";
			sourceTree = "<group>";
		};
		512E8AF81AF7812E0061347E /* sample-objectivecTests */ = {
			isa = PBXGroup;
			children = (
				512E8AFB1AF7812E0061347E /* sample_objectivecTests.m */,
				512E8AF91AF7812E0061347E /* Supporting Files */,
			);
			path = "sample-objectivecTests";
			sourceTree = "<group>";
		};
		512E8AF91AF7812E0061347E /* Supporting Files */ = {
			isa = PBXGroup;
			children = (
				512E8AFA1AF7812E0061347E /* Info.plist */,
			);
			name = "Supporting Files";
			sourceTree = "<group>";
		};
		512E8B0B1AF786770061347E /* View Controllers */ = {
			isa = PBXGroup;
			children = (
				5123EC3B1AF799AB009B6D4C /* MainViewController.h */,
				5123EC3C1AF799AB009B6D4C /* MainViewController.m */,
				5123EC411AF8CA46009B6D4C /* UnlockViewController.h */,
				5123EC421AF8CA46009B6D4C /* UnlockViewController.m */,
				5123EC441AF8CA54009B6D4C /* AdsViewController.h */,
				5123EC451AF8CA54009B6D4C /* AdsViewController.m */,
				51E2D13E1B20578B002A3DD1 /* NativeAdsTableViewController.h */,
				51E2D13F1B20578B002A3DD1 /* NativeAdsTableViewController.m */,
			);
			name = "View Controllers";
			sourceTree = "<group>";
		};
		74003ABABEC15D0AFF3D1613 /* Frameworks */ = {
			isa = PBXGroup;
			children = (
				5123EC471AF911BA009B6D4C /* AdSupport.framework */,
				9B501303CC9CA37CD8138C17 /* Pods.framework */,
			);
			name = Frameworks;
			sourceTree = "<group>";
		};
		7DE5DB6CC2BF5B1F9A653E38 /* Pods */ = {
			isa = PBXGroup;
			children = (
				3D3A125AC2E44A9F1E11C9B6 /* Pods.debug.xcconfig */,
				BC3199DB70D045F859A1C068 /* Pods.release.xcconfig */,
			);
			name = Pods;
			sourceTree = "<group>";
		};
/* End PBXGroup section */

/* Begin PBXNativeTarget section */
		512E8ADB1AF7812E0061347E /* sample-objectivec */ = {
			isa = PBXNativeTarget;
			buildConfigurationList = 512E8AFF1AF7812E0061347E /* Build configuration list for PBXNativeTarget "sample-objectivec" */;
			buildPhases = (
				3114BC4885E9693B1D0921F6 /* Check Pods Manifest.lock */,
				512E8AD81AF7812E0061347E /* Sources */,
				512E8AD91AF7812E0061347E /* Frameworks */,
				512E8ADA1AF7812E0061347E /* Resources */,
				AF87EEABB86D554615D6FF01 /* Embed Pods Frameworks */,
				13C68BD21823574DCBE53538 /* Copy Pods Resources */,
			);
			buildRules = (
			);
			dependencies = (
			);
			name = "sample-objectivec";
			productName = "sample-objectivec";
			productReference = 512E8ADC1AF7812E0061347E /* sample-objectivec.app */;
			productType = "com.apple.product-type.application";
		};
		512E8AF41AF7812E0061347E /* sample-objectivecTests */ = {
			isa = PBXNativeTarget;
			buildConfigurationList = 512E8B021AF7812E0061347E /* Build configuration list for PBXNativeTarget "sample-objectivecTests" */;
			buildPhases = (
				512E8AF11AF7812E0061347E /* Sources */,
				512E8AF21AF7812E0061347E /* Frameworks */,
				512E8AF31AF7812E0061347E /* Resources */,
			);
			buildRules = (
			);
			dependencies = (
				512E8AF71AF7812E0061347E /* PBXTargetDependency */,
			);
			name = "sample-objectivecTests";
			productName = "sample-objectivecTests";
			productReference = 512E8AF51AF7812E0061347E /* sample-objectivecTests.xctest */;
			productType = "com.apple.product-type.bundle.unit-test";
		};
/* End PBXNativeTarget section */

/* Begin PBXProject section */
		512E8AD41AF7812E0061347E /* Project object */ = {
			isa = PBXProject;
			attributes = {
				LastUpgradeCheck = 0630;
				ORGANIZATIONNAME = Batch.com;
				TargetAttributes = {
					512E8ADB1AF7812E0061347E = {
						CreatedOnToolsVersion = 6.3.1;
					};
					512E8AF41AF7812E0061347E = {
						CreatedOnToolsVersion = 6.3.1;
						TestTargetID = 512E8ADB1AF7812E0061347E;
					};
				};
			};
			buildConfigurationList = 512E8AD71AF7812E0061347E /* Build configuration list for PBXProject "sample-objectivec" */;
			compatibilityVersion = "Xcode 3.2";
			developmentRegion = English;
			hasScannedForEncodings = 0;
			knownRegions = (
				en,
				Base,
			);
			mainGroup = 512E8AD31AF7812E0061347E;
			productRefGroup = 512E8ADD1AF7812E0061347E /* Products */;
			projectDirPath = "";
			projectRoot = "";
			targets = (
				512E8ADB1AF7812E0061347E /* sample-objectivec */,
				512E8AF41AF7812E0061347E /* sample-objectivecTests */,
			);
		};
/* End PBXProject section */

/* Begin PBXResourcesBuildPhase section */
		512E8ADA1AF7812E0061347E /* Resources */ = {
			isa = PBXResourcesBuildPhase;
			buildActionMask = 2147483647;
			files = (
				512E8AEB1AF7812E0061347E /* Main.storyboard in Resources */,
				512E8AF01AF7812E0061347E /* LaunchScreen.xib in Resources */,
				512E8AED1AF7812E0061347E /* Images.xcassets in Resources */,
			);
			runOnlyForDeploymentPostprocessing = 0;
		};
		512E8AF31AF7812E0061347E /* Resources */ = {
			isa = PBXResourcesBuildPhase;
			buildActionMask = 2147483647;
			files = (
			);
			runOnlyForDeploymentPostprocessing = 0;
		};
/* End PBXResourcesBuildPhase section */

/* Begin PBXShellScriptBuildPhase section */
		13C68BD21823574DCBE53538 /* Copy Pods Resources */ = {
			isa = PBXShellScriptBuildPhase;
			buildActionMask = 2147483647;
			files = (
			);
			inputPaths = (
			);
			name = "Copy Pods Resources";
			outputPaths = (
			);
			runOnlyForDeploymentPostprocessing = 0;
			shellPath = /bin/sh;
			shellScript = "\"${SRCROOT}/Pods/Target Support Files/Pods/Pods-resources.sh\"\n";
			showEnvVarsInLog = 0;
		};
		3114BC4885E9693B1D0921F6 /* Check Pods Manifest.lock */ = {
			isa = PBXShellScriptBuildPhase;
			buildActionMask = 2147483647;
			files = (
			);
			inputPaths = (
			);
			name = "Check Pods Manifest.lock";
			outputPaths = (
			);
			runOnlyForDeploymentPostprocessing = 0;
			shellPath = /bin/sh;
			shellScript = "diff \"${PODS_ROOT}/../Podfile.lock\" \"${PODS_ROOT}/Manifest.lock\" > /dev/null\nif [[ $? != 0 ]] ; then\n    cat << EOM\nerror: The sandbox is not in sync with the Podfile.lock. Run 'pod install' or update your CocoaPods installation.\nEOM\n    exit 1\nfi\n";
			showEnvVarsInLog = 0;
		};
		AF87EEABB86D554615D6FF01 /* Embed Pods Frameworks */ = {
			isa = PBXShellScriptBuildPhase;
			buildActionMask = 2147483647;
			files = (
			);
			inputPaths = (
			);
			name = "Embed Pods Frameworks";
			outputPaths = (
			);
			runOnlyForDeploymentPostprocessing = 0;
			shellPath = /bin/sh;
			shellScript = "\"${SRCROOT}/Pods/Target Support Files/Pods/Pods-frameworks.sh\"\n";
			showEnvVarsInLog = 0;
		};
/* End PBXShellScriptBuildPhase section */

/* Begin PBXSourcesBuildPhase section */
		512E8AD81AF7812E0061347E /* Sources */ = {
			isa = PBXSourcesBuildPhase;
			buildActionMask = 2147483647;
			files = (
				512E8AE51AF7812E0061347E /* AppDelegate.m in Sources */,
				5123EC461AF8CA54009B6D4C /* AdsViewController.m in Sources */,
				5123EC401AF79AD7009B6D4C /* UnlockManager.m in Sources */,
				51E2D1401B20578B002A3DD1 /* NativeAdsTableViewController.m in Sources */,
				5123EC431AF8CA46009B6D4C /* UnlockViewController.m in Sources */,
				5123EC3D1AF799AB009B6D4C /* MainViewController.m in Sources */,
				512E8AE21AF7812E0061347E /* main.m in Sources */,
			);
			runOnlyForDeploymentPostprocessing = 0;
		};
		512E8AF11AF7812E0061347E /* Sources */ = {
			isa = PBXSourcesBuildPhase;
			buildActionMask = 2147483647;
			files = (
				512E8AFC1AF7812E0061347E /* sample_objectivecTests.m in Sources */,
			);
			runOnlyForDeploymentPostprocessing = 0;
		};
/* End PBXSourcesBuildPhase section */

/* Begin PBXTargetDependency section */
		512E8AF71AF7812E0061347E /* PBXTargetDependency */ = {
			isa = PBXTargetDependency;
			target = 512E8ADB1AF7812E0061347E /* sample-objectivec */;
			targetProxy = 512E8AF61AF7812E0061347E /* PBXContainerItemProxy */;
		};
/* End PBXTargetDependency section */

/* Begin PBXVariantGroup section */
		512E8AE91AF7812E0061347E /* Main.storyboard */ = {
			isa = PBXVariantGroup;
			children = (
				512E8AEA1AF7812E0061347E /* Base */,
			);
			name = Main.storyboard;
			sourceTree = "<group>";
		};
		512E8AEE1AF7812E0061347E /* LaunchScreen.xib */ = {
			isa = PBXVariantGroup;
			children = (
				512E8AEF1AF7812E0061347E /* Base */,
			);
			name = LaunchScreen.xib;
			sourceTree = "<group>";
		};
/* End PBXVariantGroup section */

/* Begin XCBuildConfiguration section */
		512E8AFD1AF7812E0061347E /* Debug */ = {
			isa = XCBuildConfiguration;
			buildSettings = {
				ALWAYS_SEARCH_USER_PATHS = NO;
				CLANG_CXX_LANGUAGE_STANDARD = "gnu++0x";
				CLANG_CXX_LIBRARY = "libc++";
				CLANG_ENABLE_MODULES = YES;
				CLANG_ENABLE_OBJC_ARC = YES;
				CLANG_WARN_BOOL_CONVERSION = YES;
				CLANG_WARN_CONSTANT_CONVERSION = YES;
				CLANG_WARN_DIRECT_OBJC_ISA_USAGE = YES_ERROR;
				CLANG_WARN_EMPTY_BODY = YES;
				CLANG_WARN_ENUM_CONVERSION = YES;
				CLANG_WARN_INT_CONVERSION = YES;
				CLANG_WARN_OBJC_ROOT_CLASS = YES_ERROR;
				CLANG_WARN_UNREACHABLE_CODE = YES;
				CLANG_WARN__DUPLICATE_METHOD_MATCH = YES;
				"CODE_SIGN_IDENTITY[sdk=iphoneos*]" = "iPhone Developer";
				COPY_PHASE_STRIP = NO;
				DEBUG_INFORMATION_FORMAT = "dwarf-with-dsym";
				ENABLE_STRICT_OBJC_MSGSEND = YES;
				GCC_C_LANGUAGE_STANDARD = gnu99;
				GCC_DYNAMIC_NO_PIC = NO;
				GCC_NO_COMMON_BLOCKS = YES;
				GCC_OPTIMIZATION_LEVEL = 0;
				GCC_PREPROCESSOR_DEFINITIONS = (
					"DEBUG=1",
					"$(inherited)",
				);
				GCC_SYMBOLS_PRIVATE_EXTERN = NO;
				GCC_WARN_64_TO_32_BIT_CONVERSION = YES;
				GCC_WARN_ABOUT_RETURN_TYPE = YES_ERROR;
				GCC_WARN_UNDECLARED_SELECTOR = YES;
				GCC_WARN_UNINITIALIZED_AUTOS = YES_AGGRESSIVE;
				GCC_WARN_UNUSED_FUNCTION = YES;
				GCC_WARN_UNUSED_VARIABLE = YES;
				IPHONEOS_DEPLOYMENT_TARGET = 8.3;
				MTL_ENABLE_DEBUG_INFO = YES;
				ONLY_ACTIVE_ARCH = YES;
				SDKROOT = iphoneos;
			};
			name = Debug;
		};
		512E8AFE1AF7812E0061347E /* Release */ = {
			isa = XCBuildConfiguration;
			buildSettings = {
				ALWAYS_SEARCH_USER_PATHS = NO;
				CLANG_CXX_LANGUAGE_STANDARD = "gnu++0x";
				CLANG_CXX_LIBRARY = "libc++";
				CLANG_ENABLE_MODULES = YES;
				CLANG_ENABLE_OBJC_ARC = YES;
				CLANG_WARN_BOOL_CONVERSION = YES;
				CLANG_WARN_CONSTANT_CONVERSION = YES;
				CLANG_WARN_DIRECT_OBJC_ISA_USAGE = YES_ERROR;
				CLANG_WARN_EMPTY_BODY = YES;
				CLANG_WARN_ENUM_CONVERSION = YES;
				CLANG_WARN_INT_CONVERSION = YES;
				CLANG_WARN_OBJC_ROOT_CLASS = YES_ERROR;
				CLANG_WARN_UNREACHABLE_CODE = YES;
				CLANG_WARN__DUPLICATE_METHOD_MATCH = YES;
				"CODE_SIGN_IDENTITY[sdk=iphoneos*]" = "iPhone Developer";
				COPY_PHASE_STRIP = NO;
				DEBUG_INFORMATION_FORMAT = "dwarf-with-dsym";
				ENABLE_NS_ASSERTIONS = NO;
				ENABLE_STRICT_OBJC_MSGSEND = YES;
				GCC_C_LANGUAGE_STANDARD = gnu99;
				GCC_NO_COMMON_BLOCKS = YES;
				GCC_WARN_64_TO_32_BIT_CONVERSION = YES;
				GCC_WARN_ABOUT_RETURN_TYPE = YES_ERROR;
				GCC_WARN_UNDECLARED_SELECTOR = YES;
				GCC_WARN_UNINITIALIZED_AUTOS = YES_AGGRESSIVE;
				GCC_WARN_UNUSED_FUNCTION = YES;
				GCC_WARN_UNUSED_VARIABLE = YES;
				IPHONEOS_DEPLOYMENT_TARGET = 8.3;
				MTL_ENABLE_DEBUG_INFO = NO;
				SDKROOT = iphoneos;
				VALIDATE_PRODUCT = YES;
			};
			name = Release;
		};
		512E8B001AF7812E0061347E /* Debug */ = {
			isa = XCBuildConfiguration;
			baseConfigurationReference = 3D3A125AC2E44A9F1E11C9B6 /* Pods.debug.xcconfig */;
			buildSettings = {
				ASSETCATALOG_COMPILER_APPICON_NAME = AppIcon;
				INFOPLIST_FILE = "sample-objectivec/Info.plist";
				IPHONEOS_DEPLOYMENT_TARGET = 8.0;
				LD_RUNPATH_SEARCH_PATHS = "$(inherited) @executable_path/Frameworks";
				PRODUCT_NAME = "$(TARGET_NAME)";
			};
			name = Debug;
		};
		512E8B011AF7812E0061347E /* Release */ = {
			isa = XCBuildConfiguration;
			baseConfigurationReference = BC3199DB70D045F859A1C068 /* Pods.release.xcconfig */;
			buildSettings = {
				ASSETCATALOG_COMPILER_APPICON_NAME = AppIcon;
				INFOPLIST_FILE = "sample-objectivec/Info.plist";
				IPHONEOS_DEPLOYMENT_TARGET = 8.0;
				LD_RUNPATH_SEARCH_PATHS = "$(inherited) @executable_path/Frameworks";
				PRODUCT_NAME = "$(TARGET_NAME)";
			};
			name = Release;
		};
		512E8B031AF7812E0061347E /* Debug */ = {
			isa = XCBuildConfiguration;
			buildSettings = {
				BUNDLE_LOADER = "$(TEST_HOST)";
				FRAMEWORK_SEARCH_PATHS = (
					"$(SDKROOT)/Developer/Library/Frameworks",
					"$(inherited)",
				);
				GCC_PREPROCESSOR_DEFINITIONS = (
					"DEBUG=1",
					"$(inherited)",
				);
				INFOPLIST_FILE = "sample-objectivecTests/Info.plist";
				LD_RUNPATH_SEARCH_PATHS = "$(inherited) @executable_path/Frameworks @loader_path/Frameworks";
				PRODUCT_NAME = "$(TARGET_NAME)";
				TEST_HOST = "$(BUILT_PRODUCTS_DIR)/sample-objectivec.app/sample-objectivec";
			};
			name = Debug;
		};
		512E8B041AF7812E0061347E /* Release */ = {
			isa = XCBuildConfiguration;
			buildSettings = {
				BUNDLE_LOADER = "$(TEST_HOST)";
				FRAMEWORK_SEARCH_PATHS = (
					"$(SDKROOT)/Developer/Library/Frameworks",
					"$(inherited)",
				);
				INFOPLIST_FILE = "sample-objectivecTests/Info.plist";
				LD_RUNPATH_SEARCH_PATHS = "$(inherited) @executable_path/Frameworks @loader_path/Frameworks";
				PRODUCT_NAME = "$(TARGET_NAME)";
				TEST_HOST = "$(BUILT_PRODUCTS_DIR)/sample-objectivec.app/sample-objectivec";
			};
			name = Release;
		};
/* End XCBuildConfiguration section */

/* Begin XCConfigurationList section */
		512E8AD71AF7812E0061347E /* Build configuration list for PBXProject "sample-objectivec" */ = {
			isa = XCConfigurationList;
			buildConfigurations = (
				512E8AFD1AF7812E0061347E /* Debug */,
				512E8AFE1AF7812E0061347E /* Release */,
			);
			defaultConfigurationIsVisible = 0;
			defaultConfigurationName = Release;
		};
		512E8AFF1AF7812E0061347E /* Build configuration list for PBXNativeTarget "sample-objectivec" */ = {
			isa = XCConfigurationList;
			buildConfigurations = (
				512E8B001AF7812E0061347E /* Debug */,
				512E8B011AF7812E0061347E /* Release */,
			);
			defaultConfigurationIsVisible = 0;
			defaultConfigurationName = Release;
		};
		512E8B021AF7812E0061347E /* Build configuration list for PBXNativeTarget "sample-objectivecTests" */ = {
			isa = XCConfigurationList;
			buildConfigurations = (
				512E8B031AF7812E0061347E /* Debug */,
				512E8B041AF7812E0061347E /* Release */,
			);
			defaultConfigurationIsVisible = 0;
			defaultConfigurationName = Release;
		};
/* End XCConfigurationList section */
	};
	rootObject = 512E8AD41AF7812E0061347E /* Project object */;
}
